// !$*UTF8*$!
{
	archiveVersion = 1;
	classes = {
	};
	objectVersion = 46;
	objects = {

/* Begin PBXBuildFile section */
		392A00E01F8F1CEE0066B440 /* Qiscus.framework in Frameworks */ = {isa = PBXBuildFile; fileRef = 39F1F70F1D3B91E200FF1C8C /* Qiscus.framework */; };
		392A00E21F8F1CF20066B440 /* Qiscus.framework in Embed Frameworks */ = {isa = PBXBuildFile; fileRef = 39F1F70F1D3B91E200FF1C8C /* Qiscus.framework */; settings = {ATTRIBUTES = (CodeSignOnCopy, RemoveHeadersOnCopy, ); }; };
		392F18971F4D175800ABE232 /* QCellContactLeft.swift in Sources */ = {isa = PBXBuildFile; fileRef = 392F18951F4D175700ABE232 /* QCellContactLeft.swift */; };
		392F18981F4D175800ABE232 /* QCellContactLeft.xib in Resources */ = {isa = PBXBuildFile; fileRef = 392F18961F4D175700ABE232 /* QCellContactLeft.xib */; };
		3939EEA31F78E0470073B880 /* ProgressVC.swift in Sources */ = {isa = PBXBuildFile; fileRef = 3939EEA11F78E0470073B880 /* ProgressVC.swift */; };
		3939EEA41F78E0470073B880 /* ProgressVC.xib in Resources */ = {isa = PBXBuildFile; fileRef = 3939EEA21F78E0470073B880 /* ProgressVC.xib */; };
		393BE6E01F70B1F90099AD80 /* QRoomList.swift in Sources */ = {isa = PBXBuildFile; fileRef = 393BE6DC1F70B1F90099AD80 /* QRoomList.swift */; };
		393BE6E11F70B1F90099AD80 /* QRoomListCell.swift in Sources */ = {isa = PBXBuildFile; fileRef = 393BE6DD1F70B1F90099AD80 /* QRoomListCell.swift */; };
		393BE6E21F70B1F90099AD80 /* QRoomListDefaultCell.swift in Sources */ = {isa = PBXBuildFile; fileRef = 393BE6DE1F70B1F90099AD80 /* QRoomListDefaultCell.swift */; };
		393BE6E31F70B1F90099AD80 /* QRoomListDefaultCell.xib in Resources */ = {isa = PBXBuildFile; fileRef = 393BE6DF1F70B1F90099AD80 /* QRoomListDefaultCell.xib */; };
		393BE6E51F7119F80099AD80 /* QSearchListCell.swift in Sources */ = {isa = PBXBuildFile; fileRef = 393BE6E41F7119F80099AD80 /* QSearchListCell.swift */; };
		393BE6E91F7206280099AD80 /* QSearchListDefaultCell.swift in Sources */ = {isa = PBXBuildFile; fileRef = 393BE6E71F7206280099AD80 /* QSearchListDefaultCell.swift */; };
		393BE6EA1F7206280099AD80 /* QSearchListDefaultCell.xib in Resources */ = {isa = PBXBuildFile; fileRef = 393BE6E81F7206280099AD80 /* QSearchListDefaultCell.xib */; };
		394D7A9F1F4E735300E69E1C /* QCellLocationRight.swift in Sources */ = {isa = PBXBuildFile; fileRef = 394D7A9D1F4E735300E69E1C /* QCellLocationRight.swift */; };
		394D7AA01F4E735300E69E1C /* QCellLocationRight.xib in Resources */ = {isa = PBXBuildFile; fileRef = 394D7A9E1F4E735300E69E1C /* QCellLocationRight.xib */; };
		394D7AA31F4E979E00E69E1C /* QCellLocationLeft.swift in Sources */ = {isa = PBXBuildFile; fileRef = 394D7AA11F4E979E00E69E1C /* QCellLocationLeft.swift */; };
		394D7AA41F4E979E00E69E1C /* QCellLocationLeft.xib in Resources */ = {isa = PBXBuildFile; fileRef = 394D7AA21F4E979E00E69E1C /* QCellLocationLeft.xib */; };
		395291251E28559B004BD6B4 /* goToChatVC.swift in Sources */ = {isa = PBXBuildFile; fileRef = 395291211E28559B004BD6B4 /* goToChatVC.swift */; };
		395291261E28559B004BD6B4 /* goToChatVC.xib in Resources */ = {isa = PBXBuildFile; fileRef = 395291221E28559B004BD6B4 /* goToChatVC.xib */; };
		395291271E28559B004BD6B4 /* MainView.swift in Sources */ = {isa = PBXBuildFile; fileRef = 395291231E28559B004BD6B4 /* MainView.swift */; };
		395291281E28559B004BD6B4 /* MainView.xib in Resources */ = {isa = PBXBuildFile; fileRef = 395291241E28559B004BD6B4 /* MainView.xib */; };
		396CBDBE1F6B80390028C3FE /* RoomListVC2.swift in Sources */ = {isa = PBXBuildFile; fileRef = 396CBDBC1F6B80390028C3FE /* RoomListVC2.swift */; };
		396CBDBF1F6B80390028C3FE /* RoomListVC2.xib in Resources */ = {isa = PBXBuildFile; fileRef = 396CBDBD1F6B80390028C3FE /* RoomListVC2.xib */; };
		39955B6D1D656D1700927ADD /* Media.xcassets in Resources */ = {isa = PBXBuildFile; fileRef = 39955B6C1D656D1700927ADD /* Media.xcassets */; };
		39BD59171EB2F1A3001AFB7C /* Qiscus.podspec in Resources */ = {isa = PBXBuildFile; fileRef = 39BD59161EB2F1A3001AFB7C /* Qiscus.podspec */; };
		39C929C71FB5583F0068EBF3 /* QiscusService.swift in Sources */ = {isa = PBXBuildFile; fileRef = 39C929C61FB5583F0068EBF3 /* QiscusService.swift */; };
		39E7542F1F5E7327003C3302 /* SearchResultVC.swift in Sources */ = {isa = PBXBuildFile; fileRef = 39E7542D1F5E7327003C3302 /* SearchResultVC.swift */; };
		39E754301F5E7327003C3302 /* SearchResultVC.xib in Resources */ = {isa = PBXBuildFile; fileRef = 39E7542E1F5E7327003C3302 /* SearchResultVC.xib */; };
		39E754331F5E84B0003C3302 /* SearchCell.swift in Sources */ = {isa = PBXBuildFile; fileRef = 39E754311F5E84B0003C3302 /* SearchCell.swift */; };
		39E754341F5E84B0003C3302 /* SearchCell.xib in Resources */ = {isa = PBXBuildFile; fileRef = 39E754321F5E84B0003C3302 /* SearchCell.xib */; };
		39E754371F62226E003C3302 /* RoomListVC.swift in Sources */ = {isa = PBXBuildFile; fileRef = 39E754351F62226E003C3302 /* RoomListVC.swift */; };
		39E754381F62226E003C3302 /* RoomListVC.xib in Resources */ = {isa = PBXBuildFile; fileRef = 39E754361F62226E003C3302 /* RoomListVC.xib */; };
		39E7543B1F6222AB003C3302 /* RoomListCell.swift in Sources */ = {isa = PBXBuildFile; fileRef = 39E754391F6222AB003C3302 /* RoomListCell.swift */; };
		39E7543C1F6222AB003C3302 /* RoomListCell.xib in Resources */ = {isa = PBXBuildFile; fileRef = 39E7543A1F6222AB003C3302 /* RoomListCell.xib */; };
		39E754431F678B2B003C3302 /* QiscusNotification.swift in Sources */ = {isa = PBXBuildFile; fileRef = 39E754421F678B2B003C3302 /* QiscusNotification.swift */; };
		39E7544E1F67B5AD003C3302 /* QiscusUploaderVC.swift in Sources */ = {isa = PBXBuildFile; fileRef = 39E7544C1F67B5AD003C3302 /* QiscusUploaderVC.swift */; };
		39E7544F1F67B5AD003C3302 /* QiscusUploaderVC.xib in Resources */ = {isa = PBXBuildFile; fileRef = 39E7544D1F67B5AD003C3302 /* QiscusUploaderVC.xib */; };
		39F1F6AD1D3B90E200FF1C8C /* AppDelegate.swift in Sources */ = {isa = PBXBuildFile; fileRef = 39F1F6AC1D3B90E200FF1C8C /* AppDelegate.swift */; };
		39F1F6B21D3B90E200FF1C8C /* Main.storyboard in Resources */ = {isa = PBXBuildFile; fileRef = 39F1F6B01D3B90E200FF1C8C /* Main.storyboard */; };
		39F1F6B71D3B90E200FF1C8C /* Assets.xcassets in Resources */ = {isa = PBXBuildFile; fileRef = 39F1F6B61D3B90E200FF1C8C /* Assets.xcassets */; };
		39F1F6BA1D3B90E200FF1C8C /* LaunchScreen.storyboard in Resources */ = {isa = PBXBuildFile; fileRef = 39F1F6B81D3B90E200FF1C8C /* LaunchScreen.storyboard */; };
		39F1F7491D3B932A00FF1C8C /* Qiscus.swift in Sources */ = {isa = PBXBuildFile; fileRef = 39F1F7481D3B932A00FF1C8C /* Qiscus.swift */; };
		39F1F7631D3CB12800FF1C8C /* Qiscus.swift in Headers */ = {isa = PBXBuildFile; fileRef = 39F1F7481D3B932A00FF1C8C /* Qiscus.swift */; settings = {ATTRIBUTES = (Public, ); }; };
		39F70F681F3D56E100774D97 /* QComment.swift in Sources */ = {isa = PBXBuildFile; fileRef = 39F70F671F3D56E100774D97 /* QComment.swift */; };
		39F70F6F1F3D56F400774D97 /* QCommentGroup.swift in Sources */ = {isa = PBXBuildFile; fileRef = 39F70F691F3D56F400774D97 /* QCommentGroup.swift */; };
		39F70F701F3D56F400774D97 /* QCommentInfo.swift in Sources */ = {isa = PBXBuildFile; fileRef = 39F70F6A1F3D56F400774D97 /* QCommentInfo.swift */; };
		39F70F711F3D56F400774D97 /* QFile.swift in Sources */ = {isa = PBXBuildFile; fileRef = 39F70F6B1F3D56F400774D97 /* QFile.swift */; };
		39F70F721F3D56F400774D97 /* QParticipant.swift in Sources */ = {isa = PBXBuildFile; fileRef = 39F70F6C1F3D56F400774D97 /* QParticipant.swift */; };
		39F70F731F3D56F400774D97 /* QRoom.swift in Sources */ = {isa = PBXBuildFile; fileRef = 39F70F6D1F3D56F400774D97 /* QRoom.swift */; };
		39F70F741F3D56F400774D97 /* QUser.swift in Sources */ = {isa = PBXBuildFile; fileRef = 39F70F6E1F3D56F400774D97 /* QUser.swift */; };
		39F70F801F3D5B4400774D97 /* QiscusAsyncImageView.swift in Sources */ = {isa = PBXBuildFile; fileRef = 39F70F751F3D5B4400774D97 /* QiscusAsyncImageView.swift */; };
		39F70F811F3D5B4400774D97 /* QiscusLoading.swift in Sources */ = {isa = PBXBuildFile; fileRef = 39F70F761F3D5B4400774D97 /* QiscusLoading.swift */; };
		39F70F821F3D5B4400774D97 /* QLoadingViewController.swift in Sources */ = {isa = PBXBuildFile; fileRef = 39F70F771F3D5B4400774D97 /* QLoadingViewController.swift */; };
		39F70F831F3D5B4400774D97 /* QLoadingViewController.xib in Resources */ = {isa = PBXBuildFile; fileRef = 39F70F781F3D5B4400774D97 /* QLoadingViewController.xib */; };
		39F70F841F3D5B4400774D97 /* QPopUpView.swift in Sources */ = {isa = PBXBuildFile; fileRef = 39F70F791F3D5B4400774D97 /* QPopUpView.swift */; };
		39F70F851F3D5B4400774D97 /* QPopUpView.xib in Resources */ = {isa = PBXBuildFile; fileRef = 39F70F7A1F3D5B4400774D97 /* QPopUpView.xib */; };
		39F70F861F3D5B4400774D97 /* QReachability.swift in Sources */ = {isa = PBXBuildFile; fileRef = 39F70F7B1F3D5B4400774D97 /* QReachability.swift */; };
		39F70F871F3D5B4400774D97 /* QSiriWaveView.swift in Sources */ = {isa = PBXBuildFile; fileRef = 39F70F7C1F3D5B4400774D97 /* QSiriWaveView.swift */; };
		39F70F881F3D5B4400774D97 /* QToasterConfig.swift in Sources */ = {isa = PBXBuildFile; fileRef = 39F70F7D1F3D5B4400774D97 /* QToasterConfig.swift */; };
		39F70F891F3D5B4400774D97 /* QToasterSwift.swift in Sources */ = {isa = PBXBuildFile; fileRef = 39F70F7E1F3D5B4400774D97 /* QToasterSwift.swift */; };
		39F70F8A1F3D5B4400774D97 /* QToasterView.swift in Sources */ = {isa = PBXBuildFile; fileRef = 39F70F7F1F3D5B4400774D97 /* QToasterView.swift */; };
		39F70F911F3D5BBD00774D97 /* Background.swift in Sources */ = {isa = PBXBuildFile; fileRef = 39F70F8B1F3D5BBD00774D97 /* Background.swift */; };
		39F70F921F3D5BBD00774D97 /* NavigationBar.swift in Sources */ = {isa = PBXBuildFile; fileRef = 39F70F8C1F3D5BBD00774D97 /* NavigationBar.swift */; };
		39F70F931F3D5BBD00774D97 /* QDate.swift in Sources */ = {isa = PBXBuildFile; fileRef = 39F70F8D1F3D5BBD00774D97 /* QDate.swift */; };
		39F70F941F3D5BBD00774D97 /* UIImage.swift in Sources */ = {isa = PBXBuildFile; fileRef = 39F70F8E1F3D5BBD00774D97 /* UIImage.swift */; };
		39F70F951F3D5BBD00774D97 /* UIView.swift in Sources */ = {isa = PBXBuildFile; fileRef = 39F70F8F1F3D5BBD00774D97 /* UIView.swift */; };
		39F70F961F3D5BBD00774D97 /* ViewController.swift in Sources */ = {isa = PBXBuildFile; fileRef = 39F70F901F3D5BBD00774D97 /* ViewController.swift */; };
		39F70F991F3D5CD200774D97 /* QChatCellHelper.swift in Sources */ = {isa = PBXBuildFile; fileRef = 39F70F971F3D5CD200774D97 /* QChatCellHelper.swift */; };
		39F70F9A1F3D5CD200774D97 /* QiscusHelper.swift in Sources */ = {isa = PBXBuildFile; fileRef = 39F70F981F3D5CD200774D97 /* QiscusHelper.swift */; };
		39F70FA01F3D5D6F00774D97 /* QiscusAssetsConfiguration.swift in Sources */ = {isa = PBXBuildFile; fileRef = 39F70F9B1F3D5D6F00774D97 /* QiscusAssetsConfiguration.swift */; };
		39F70FA11F3D5D6F00774D97 /* QiscusColorConfiguration.swift in Sources */ = {isa = PBXBuildFile; fileRef = 39F70F9C1F3D5D6F00774D97 /* QiscusColorConfiguration.swift */; };
		39F70FA21F3D5D6F00774D97 /* QiscusConfig.swift in Sources */ = {isa = PBXBuildFile; fileRef = 39F70F9D1F3D5D6F00774D97 /* QiscusConfig.swift */; };
		39F70FA31F3D5D6F00774D97 /* QiscusTextConfiguration.swift in Sources */ = {isa = PBXBuildFile; fileRef = 39F70F9E1F3D5D6F00774D97 /* QiscusTextConfiguration.swift */; };
		39F70FA41F3D5D6F00774D97 /* QiscusUIConfiguration.swift in Sources */ = {isa = PBXBuildFile; fileRef = 39F70F9F1F3D5D6F00774D97 /* QiscusUIConfiguration.swift */; };
		39F70FAA1F3D5E8300774D97 /* QChatService.swift in Sources */ = {isa = PBXBuildFile; fileRef = 39F70FA51F3D5E8300774D97 /* QChatService.swift */; };
		39F70FAB1F3D5E8300774D97 /* QFileManager.swift in Sources */ = {isa = PBXBuildFile; fileRef = 39F70FA61F3D5E8300774D97 /* QFileManager.swift */; };
		39F70FAC1F3D5E8300774D97 /* QiscusCommentClient.swift in Sources */ = {isa = PBXBuildFile; fileRef = 39F70FA71F3D5E8300774D97 /* QiscusCommentClient.swift */; };
		39F70FAD1F3D5E8300774D97 /* QRoomService.swift in Sources */ = {isa = PBXBuildFile; fileRef = 39F70FA81F3D5E8300774D97 /* QRoomService.swift */; };
		39F70FAE1F3D5E8300774D97 /* QSyncNotifData.swift in Sources */ = {isa = PBXBuildFile; fileRef = 39F70FA91F3D5E8300774D97 /* QSyncNotifData.swift */; };
		39F70FB11F3D5F5800774D97 /* QiscusChatVC.swift in Sources */ = {isa = PBXBuildFile; fileRef = 39F70FAF1F3D5F5800774D97 /* QiscusChatVC.swift */; };
		39F70FB21F3D5F5800774D97 /* QiscusChatVC.xib in Resources */ = {isa = PBXBuildFile; fileRef = 39F70FB01F3D5F5800774D97 /* QiscusChatVC.xib */; };
		39F70FB91F3D5FE000774D97 /* QVCAction.swift in Sources */ = {isa = PBXBuildFile; fileRef = 39F70FB41F3D5FE000774D97 /* QVCAction.swift */; };
		39F70FBA1F3D5FE000774D97 /* QVCChatCell.swift in Sources */ = {isa = PBXBuildFile; fileRef = 39F70FB51F3D5FE000774D97 /* QVCChatCell.swift */; };
		39F70FBB1F3D5FE000774D97 /* QVCChatInputText.swift in Sources */ = {isa = PBXBuildFile; fileRef = 39F70FB61F3D5FE000774D97 /* QVCChatInputText.swift */; };
		39F70FBC1F3D5FE000774D97 /* QVCCollectionView.swift in Sources */ = {isa = PBXBuildFile; fileRef = 39F70FB71F3D5FE000774D97 /* QVCCollectionView.swift */; };
		39F70FBD1F3D5FE000774D97 /* QVCPickerAndMedia.swift in Sources */ = {isa = PBXBuildFile; fileRef = 39F70FB81F3D5FE000774D97 /* QVCPickerAndMedia.swift */; };
		39F70FE01F3D619900774D97 /* QCellAudio.swift in Sources */ = {isa = PBXBuildFile; fileRef = 39F70FBE1F3D619900774D97 /* QCellAudio.swift */; };
		39F70FE11F3D619900774D97 /* QCellAudioLeft.swift in Sources */ = {isa = PBXBuildFile; fileRef = 39F70FBF1F3D619900774D97 /* QCellAudioLeft.swift */; };
		39F70FE21F3D619900774D97 /* QCellAudioLeft.xib in Resources */ = {isa = PBXBuildFile; fileRef = 39F70FC01F3D619900774D97 /* QCellAudioLeft.xib */; };
		39F70FE31F3D619900774D97 /* QCellAudioRight.swift in Sources */ = {isa = PBXBuildFile; fileRef = 39F70FC11F3D619900774D97 /* QCellAudioRight.swift */; };
		39F70FE41F3D619900774D97 /* QCellAudioRight.xib in Resources */ = {isa = PBXBuildFile; fileRef = 39F70FC21F3D619900774D97 /* QCellAudioRight.xib */; };
		39F70FE51F3D619900774D97 /* QCellCardLeft.swift in Sources */ = {isa = PBXBuildFile; fileRef = 39F70FC31F3D619900774D97 /* QCellCardLeft.swift */; };
		39F70FE61F3D619900774D97 /* QCellCardLeft.xib in Resources */ = {isa = PBXBuildFile; fileRef = 39F70FC41F3D619900774D97 /* QCellCardLeft.xib */; };
		39F70FE71F3D619900774D97 /* QCellCardRight.swift in Sources */ = {isa = PBXBuildFile; fileRef = 39F70FC51F3D619900774D97 /* QCellCardRight.swift */; };
		39F70FE81F3D619900774D97 /* QCellCardRight.xib in Resources */ = {isa = PBXBuildFile; fileRef = 39F70FC61F3D619900774D97 /* QCellCardRight.xib */; };
		39F70FE91F3D619900774D97 /* QCellContactRight.swift in Sources */ = {isa = PBXBuildFile; fileRef = 39F70FC71F3D619900774D97 /* QCellContactRight.swift */; };
		39F70FEA1F3D619900774D97 /* QCellContactRight.xib in Resources */ = {isa = PBXBuildFile; fileRef = 39F70FC81F3D619900774D97 /* QCellContactRight.xib */; };
		39F70FEB1F3D619900774D97 /* QCellFileLeft.swift in Sources */ = {isa = PBXBuildFile; fileRef = 39F70FC91F3D619900774D97 /* QCellFileLeft.swift */; };
		39F70FEC1F3D619900774D97 /* QCellFileLeft.xib in Resources */ = {isa = PBXBuildFile; fileRef = 39F70FCA1F3D619900774D97 /* QCellFileLeft.xib */; };
		39F70FED1F3D619900774D97 /* QCellFileRight.swift in Sources */ = {isa = PBXBuildFile; fileRef = 39F70FCB1F3D619900774D97 /* QCellFileRight.swift */; };
		39F70FEE1F3D619900774D97 /* QCellFileRight.xib in Resources */ = {isa = PBXBuildFile; fileRef = 39F70FCC1F3D619900774D97 /* QCellFileRight.xib */; };
		39F70FEF1F3D619900774D97 /* QCellMediaLeft.swift in Sources */ = {isa = PBXBuildFile; fileRef = 39F70FCD1F3D619900774D97 /* QCellMediaLeft.swift */; };
		39F70FF01F3D619900774D97 /* QCellMediaLeft.xib in Resources */ = {isa = PBXBuildFile; fileRef = 39F70FCE1F3D619900774D97 /* QCellMediaLeft.xib */; };
		39F70FF11F3D619900774D97 /* QCellMediaRight.swift in Sources */ = {isa = PBXBuildFile; fileRef = 39F70FCF1F3D619900774D97 /* QCellMediaRight.swift */; };
		39F70FF21F3D619900774D97 /* QCellMediaRight.xib in Resources */ = {isa = PBXBuildFile; fileRef = 39F70FD01F3D619900774D97 /* QCellMediaRight.xib */; };
		39F70FF31F3D619900774D97 /* QCellPostbackLeft.swift in Sources */ = {isa = PBXBuildFile; fileRef = 39F70FD11F3D619900774D97 /* QCellPostbackLeft.swift */; };
		39F70FF41F3D619900774D97 /* QCellPostbackLeft.xib in Resources */ = {isa = PBXBuildFile; fileRef = 39F70FD21F3D619900774D97 /* QCellPostbackLeft.xib */; };
		39F70FF51F3D619900774D97 /* QCellSystem.swift in Sources */ = {isa = PBXBuildFile; fileRef = 39F70FD31F3D619900774D97 /* QCellSystem.swift */; };
		39F70FF61F3D619900774D97 /* QCellSystem.xib in Resources */ = {isa = PBXBuildFile; fileRef = 39F70FD41F3D619900774D97 /* QCellSystem.xib */; };
		39F70FF71F3D619900774D97 /* QCellTextLeft.swift in Sources */ = {isa = PBXBuildFile; fileRef = 39F70FD51F3D619900774D97 /* QCellTextLeft.swift */; };
		39F70FF81F3D619900774D97 /* QCellTextLeft.xib in Resources */ = {isa = PBXBuildFile; fileRef = 39F70FD61F3D619900774D97 /* QCellTextLeft.xib */; };
		39F70FF91F3D619900774D97 /* QCellTextRight.swift in Sources */ = {isa = PBXBuildFile; fileRef = 39F70FD71F3D619900774D97 /* QCellTextRight.swift */; };
		39F70FFA1F3D619900774D97 /* QCellTextRight.xib in Resources */ = {isa = PBXBuildFile; fileRef = 39F70FD81F3D619900774D97 /* QCellTextRight.xib */; };
		39F70FFB1F3D619900774D97 /* QChatCell.swift in Sources */ = {isa = PBXBuildFile; fileRef = 39F70FD91F3D619900774D97 /* QChatCell.swift */; };
		39F70FFC1F3D619900774D97 /* QChatFooterLeft.swift in Sources */ = {isa = PBXBuildFile; fileRef = 39F70FDA1F3D619900774D97 /* QChatFooterLeft.swift */; };
		39F70FFD1F3D619900774D97 /* QChatFooterLeft.xib in Resources */ = {isa = PBXBuildFile; fileRef = 39F70FDB1F3D619900774D97 /* QChatFooterLeft.xib */; };
		39F70FFE1F3D619900774D97 /* QChatFooterRight.swift in Sources */ = {isa = PBXBuildFile; fileRef = 39F70FDC1F3D619900774D97 /* QChatFooterRight.swift */; };
		39F70FFF1F3D619900774D97 /* QChatFooterRight.xib in Resources */ = {isa = PBXBuildFile; fileRef = 39F70FDD1F3D619900774D97 /* QChatFooterRight.xib */; };
		39F710001F3D619900774D97 /* QChatHeaderCell.swift in Sources */ = {isa = PBXBuildFile; fileRef = 39F70FDE1F3D619900774D97 /* QChatHeaderCell.swift */; };
		39F710011F3D619900774D97 /* QChatHeaderCell.xib in Resources */ = {isa = PBXBuildFile; fileRef = 39F70FDF1F3D619900774D97 /* QChatHeaderCell.xib */; };
		39F710061F3D62D600774D97 /* QCommentDelegate.swift in Sources */ = {isa = PBXBuildFile; fileRef = 39F710021F3D62D600774D97 /* QCommentDelegate.swift */; };
		39F710071F3D62D600774D97 /* QiscusChatCellDelegate.swift in Sources */ = {isa = PBXBuildFile; fileRef = 39F710031F3D62D600774D97 /* QiscusChatCellDelegate.swift */; };
		39F710081F3D62D600774D97 /* QiscusConfigDelegate.swift in Sources */ = {isa = PBXBuildFile; fileRef = 39F710041F3D62D600774D97 /* QiscusConfigDelegate.swift */; };
		39F710091F3D62D600774D97 /* QiscusRoomDelegate.swift in Sources */ = {isa = PBXBuildFile; fileRef = 39F710051F3D62D600774D97 /* QiscusRoomDelegate.swift */; };
		39F7100E1F3D62FE00774D97 /* QiscusFileHelper.swift in Sources */ = {isa = PBXBuildFile; fileRef = 39F7100A1F3D62FE00774D97 /* QiscusFileHelper.swift */; };
		39F7100F1F3D62FE00774D97 /* QiscusGalleryItem.swift in Sources */ = {isa = PBXBuildFile; fileRef = 39F7100B1F3D62FE00774D97 /* QiscusGalleryItem.swift */; };
		39F710101F3D62FE00774D97 /* QiscusLinkData.swift in Sources */ = {isa = PBXBuildFile; fileRef = 39F7100C1F3D62FE00774D97 /* QiscusLinkData.swift */; };
		39F710111F3D62FE00774D97 /* QiscusMe.swift in Sources */ = {isa = PBXBuildFile; fileRef = 39F7100D1F3D62FE00774D97 /* QiscusMe.swift */; };
		39F710131F3D638F00774D97 /* ChatPreviewDocVC.swift in Sources */ = {isa = PBXBuildFile; fileRef = 39F710121F3D638F00774D97 /* ChatPreviewDocVC.swift */; };
		39F710191F3D63B500774D97 /* ChatFileButton.swift in Sources */ = {isa = PBXBuildFile; fileRef = 39F710141F3D63B500774D97 /* ChatFileButton.swift */; };
		39F7101A1F3D63B500774D97 /* ChatInputText.swift in Sources */ = {isa = PBXBuildFile; fileRef = 39F710151F3D63B500774D97 /* ChatInputText.swift */; };
		39F7101B1F3D63B500774D97 /* ChatTapRecognizer.swift in Sources */ = {isa = PBXBuildFile; fileRef = 39F710161F3D63B500774D97 /* ChatTapRecognizer.swift */; };
		39F7101C1F3D63B500774D97 /* QCardButton.swift in Sources */ = {isa = PBXBuildFile; fileRef = 39F710171F3D63B500774D97 /* QCardButton.swift */; };
		39F7101D1F3D63B500774D97 /* QTextView.swift in Sources */ = {isa = PBXBuildFile; fileRef = 39F710181F3D63B500774D97 /* QTextView.swift */; };
		6A7FF5E2D9CEB063A127937B /* Pods_Qiscus.framework in Frameworks */ = {isa = PBXBuildFile; fileRef = A4527A84D23FDA5B8B32B9C1 /* Pods_Qiscus.framework */; };
		B0846505F0ABD97C0375C737 /* Pods_Example.framework in Frameworks */ = {isa = PBXBuildFile; fileRef = 88710D4C9FAFADF156A657F4 /* Pods_Example.framework */; };
/* End PBXBuildFile section */

/* Begin PBXContainerItemProxy section */
		392A00E31F8F1CF30066B440 /* PBXContainerItemProxy */ = {
			isa = PBXContainerItemProxy;
			containerPortal = 39F1F6A11D3B90E200FF1C8C /* Project object */;
			proxyType = 1;
			remoteGlobalIDString = 39F1F70E1D3B91E200FF1C8C;
			remoteInfo = Qiscus;
		};
/* End PBXContainerItemProxy section */

/* Begin PBXCopyFilesBuildPhase section */
		392A00E51F8F1CF30066B440 /* Embed Frameworks */ = {
			isa = PBXCopyFilesBuildPhase;
			buildActionMask = 2147483647;
			dstPath = "";
			dstSubfolderSpec = 10;
			files = (
				392A00E21F8F1CF20066B440 /* Qiscus.framework in Embed Frameworks */,
			);
			name = "Embed Frameworks";
			runOnlyForDeploymentPostprocessing = 0;
		};
/* End PBXCopyFilesBuildPhase section */

/* Begin PBXFileReference section */
		390E9F8F1E482D2B004B5940 /* Example.entitlements */ = {isa = PBXFileReference; lastKnownFileType = text.plist.entitlements; path = Example.entitlements; sourceTree = "<group>"; };
		392F18951F4D175700ABE232 /* QCellContactLeft.swift */ = {isa = PBXFileReference; fileEncoding = 4; lastKnownFileType = sourcecode.swift; name = QCellContactLeft.swift; path = Qiscus/View/QChatCell/QCellContactLeft.swift; sourceTree = "<group>"; };
		392F18961F4D175700ABE232 /* QCellContactLeft.xib */ = {isa = PBXFileReference; fileEncoding = 4; lastKnownFileType = file.xib; name = QCellContactLeft.xib; path = Qiscus/View/QChatCell/QCellContactLeft.xib; sourceTree = "<group>"; };
		3939EEA11F78E0470073B880 /* ProgressVC.swift */ = {isa = PBXFileReference; lastKnownFileType = sourcecode.swift; path = ProgressVC.swift; sourceTree = "<group>"; };
		3939EEA21F78E0470073B880 /* ProgressVC.xib */ = {isa = PBXFileReference; lastKnownFileType = file.xib; path = ProgressVC.xib; sourceTree = "<group>"; };
		393BE6DC1F70B1F90099AD80 /* QRoomList.swift */ = {isa = PBXFileReference; fileEncoding = 4; lastKnownFileType = sourcecode.swift; name = QRoomList.swift; path = "Qiscus/View Collection/QRoomList/QRoomList.swift"; sourceTree = "<group>"; };
		393BE6DD1F70B1F90099AD80 /* QRoomListCell.swift */ = {isa = PBXFileReference; fileEncoding = 4; lastKnownFileType = sourcecode.swift; name = QRoomListCell.swift; path = "Qiscus/View Collection/QRoomList/QRoomListCell.swift"; sourceTree = "<group>"; };
		393BE6DE1F70B1F90099AD80 /* QRoomListDefaultCell.swift */ = {isa = PBXFileReference; fileEncoding = 4; lastKnownFileType = sourcecode.swift; name = QRoomListDefaultCell.swift; path = "Qiscus/View Collection/QRoomList/QRoomListDefaultCell.swift"; sourceTree = "<group>"; };
		393BE6DF1F70B1F90099AD80 /* QRoomListDefaultCell.xib */ = {isa = PBXFileReference; fileEncoding = 4; lastKnownFileType = file.xib; name = QRoomListDefaultCell.xib; path = "Qiscus/View Collection/QRoomList/QRoomListDefaultCell.xib"; sourceTree = "<group>"; };
		393BE6E41F7119F80099AD80 /* QSearchListCell.swift */ = {isa = PBXFileReference; fileEncoding = 4; lastKnownFileType = sourcecode.swift; name = QSearchListCell.swift; path = "Qiscus/View Collection/QRoomList/QSearchListCell.swift"; sourceTree = "<group>"; };
		393BE6E71F7206280099AD80 /* QSearchListDefaultCell.swift */ = {isa = PBXFileReference; fileEncoding = 4; lastKnownFileType = sourcecode.swift; name = QSearchListDefaultCell.swift; path = "Qiscus/View Collection/Default View/QSearchListDefaultCell.swift"; sourceTree = "<group>"; };
		393BE6E81F7206280099AD80 /* QSearchListDefaultCell.xib */ = {isa = PBXFileReference; fileEncoding = 4; lastKnownFileType = file.xib; name = QSearchListDefaultCell.xib; path = "Qiscus/View Collection/Default View/QSearchListDefaultCell.xib"; sourceTree = "<group>"; };
		394D7A9D1F4E735300E69E1C /* QCellLocationRight.swift */ = {isa = PBXFileReference; fileEncoding = 4; lastKnownFileType = sourcecode.swift; name = QCellLocationRight.swift; path = Qiscus/View/QChatCell/QCellLocationRight.swift; sourceTree = "<group>"; };
		394D7A9E1F4E735300E69E1C /* QCellLocationRight.xib */ = {isa = PBXFileReference; fileEncoding = 4; lastKnownFileType = file.xib; name = QCellLocationRight.xib; path = Qiscus/View/QChatCell/QCellLocationRight.xib; sourceTree = "<group>"; };
		394D7AA11F4E979E00E69E1C /* QCellLocationLeft.swift */ = {isa = PBXFileReference; fileEncoding = 4; lastKnownFileType = sourcecode.swift; name = QCellLocationLeft.swift; path = Qiscus/View/QChatCell/QCellLocationLeft.swift; sourceTree = "<group>"; };
		394D7AA21F4E979E00E69E1C /* QCellLocationLeft.xib */ = {isa = PBXFileReference; fileEncoding = 4; lastKnownFileType = file.xib; name = QCellLocationLeft.xib; path = Qiscus/View/QChatCell/QCellLocationLeft.xib; sourceTree = "<group>"; };
		395291211E28559B004BD6B4 /* goToChatVC.swift */ = {isa = PBXFileReference; fileEncoding = 4; lastKnownFileType = sourcecode.swift; path = goToChatVC.swift; sourceTree = "<group>"; };
		395291221E28559B004BD6B4 /* goToChatVC.xib */ = {isa = PBXFileReference; fileEncoding = 4; lastKnownFileType = file.xib; path = goToChatVC.xib; sourceTree = "<group>"; };
		395291231E28559B004BD6B4 /* MainView.swift */ = {isa = PBXFileReference; fileEncoding = 4; lastKnownFileType = sourcecode.swift; path = MainView.swift; sourceTree = "<group>"; };
		395291241E28559B004BD6B4 /* MainView.xib */ = {isa = PBXFileReference; fileEncoding = 4; lastKnownFileType = file.xib; path = MainView.xib; sourceTree = "<group>"; };
		396CBDBC1F6B80390028C3FE /* RoomListVC2.swift */ = {isa = PBXFileReference; fileEncoding = 4; lastKnownFileType = sourcecode.swift; path = RoomListVC2.swift; sourceTree = "<group>"; };
		396CBDBD1F6B80390028C3FE /* RoomListVC2.xib */ = {isa = PBXFileReference; fileEncoding = 4; lastKnownFileType = file.xib; path = RoomListVC2.xib; sourceTree = "<group>"; };
		39955B6C1D656D1700927ADD /* Media.xcassets */ = {isa = PBXFileReference; lastKnownFileType = folder.assetcatalog; name = Media.xcassets; path = Qiscus/Media.xcassets; sourceTree = "<group>"; };
		39955B801D65A2D900927ADD /* QAsyncImageView.framework */ = {isa = PBXFileReference; lastKnownFileType = wrapper.framework; name = QAsyncImageView.framework; path = "../../../Library/Developer/Xcode/DerivedData/Example-gfoaldkgffrxjdelneboawwkwliw/Build/Products/Debug-iphonesimulator/QAsyncImageView/QAsyncImageView.framework"; sourceTree = "<group>"; };
		39955B811D65A2D900927ADD /* QToasterSwift.framework */ = {isa = PBXFileReference; lastKnownFileType = wrapper.framework; name = QToasterSwift.framework; path = "../../../Library/Developer/Xcode/DerivedData/Example-gfoaldkgffrxjdelneboawwkwliw/Build/Products/Debug-iphonesimulator/QToasterSwift/QToasterSwift.framework"; sourceTree = "<group>"; };
		39BD59161EB2F1A3001AFB7C /* Qiscus.podspec */ = {isa = PBXFileReference; fileEncoding = 4; lastKnownFileType = text; path = Qiscus.podspec; sourceTree = "<group>"; };
		39C929C61FB5583F0068EBF3 /* QiscusService.swift */ = {isa = PBXFileReference; lastKnownFileType = sourcecode.swift; name = QiscusService.swift; path = Qiscus/Service/QiscusService.swift; sourceTree = "<group>"; };
		39E7542D1F5E7327003C3302 /* SearchResultVC.swift */ = {isa = PBXFileReference; fileEncoding = 4; lastKnownFileType = sourcecode.swift; path = SearchResultVC.swift; sourceTree = "<group>"; };
		39E7542E1F5E7327003C3302 /* SearchResultVC.xib */ = {isa = PBXFileReference; fileEncoding = 4; lastKnownFileType = file.xib; path = SearchResultVC.xib; sourceTree = "<group>"; };
		39E754311F5E84B0003C3302 /* SearchCell.swift */ = {isa = PBXFileReference; fileEncoding = 4; lastKnownFileType = sourcecode.swift; path = SearchCell.swift; sourceTree = "<group>"; };
		39E754321F5E84B0003C3302 /* SearchCell.xib */ = {isa = PBXFileReference; fileEncoding = 4; lastKnownFileType = file.xib; path = SearchCell.xib; sourceTree = "<group>"; };
		39E754351F62226E003C3302 /* RoomListVC.swift */ = {isa = PBXFileReference; fileEncoding = 4; lastKnownFileType = sourcecode.swift; path = RoomListVC.swift; sourceTree = "<group>"; };
		39E754361F62226E003C3302 /* RoomListVC.xib */ = {isa = PBXFileReference; fileEncoding = 4; lastKnownFileType = file.xib; path = RoomListVC.xib; sourceTree = "<group>"; };
		39E754391F6222AB003C3302 /* RoomListCell.swift */ = {isa = PBXFileReference; fileEncoding = 4; lastKnownFileType = sourcecode.swift; path = RoomListCell.swift; sourceTree = "<group>"; };
		39E7543A1F6222AB003C3302 /* RoomListCell.xib */ = {isa = PBXFileReference; fileEncoding = 4; lastKnownFileType = file.xib; path = RoomListCell.xib; sourceTree = "<group>"; };
		39E754421F678B2B003C3302 /* QiscusNotification.swift */ = {isa = PBXFileReference; fileEncoding = 4; lastKnownFileType = sourcecode.swift; name = QiscusNotification.swift; path = Qiscus/Model/Protocol/QiscusNotification.swift; sourceTree = "<group>"; };
		39E7544C1F67B5AD003C3302 /* QiscusUploaderVC.swift */ = {isa = PBXFileReference; fileEncoding = 4; lastKnownFileType = sourcecode.swift; name = QiscusUploaderVC.swift; path = Qiscus/View/QiscusUploaderVC.swift; sourceTree = "<group>"; };
		39E7544D1F67B5AD003C3302 /* QiscusUploaderVC.xib */ = {isa = PBXFileReference; fileEncoding = 4; lastKnownFileType = file.xib; name = QiscusUploaderVC.xib; path = Qiscus/View/QiscusUploaderVC.xib; sourceTree = "<group>"; };
		39F1F6A91D3B90E200FF1C8C /* Example.app */ = {isa = PBXFileReference; explicitFileType = wrapper.application; includeInIndex = 0; path = Example.app; sourceTree = BUILT_PRODUCTS_DIR; };
		39F1F6AC1D3B90E200FF1C8C /* AppDelegate.swift */ = {isa = PBXFileReference; lastKnownFileType = sourcecode.swift; path = AppDelegate.swift; sourceTree = "<group>"; };
		39F1F6B11D3B90E200FF1C8C /* Base */ = {isa = PBXFileReference; lastKnownFileType = file.storyboard; name = Base; path = Base.lproj/Main.storyboard; sourceTree = "<group>"; };
		39F1F6B61D3B90E200FF1C8C /* Assets.xcassets */ = {isa = PBXFileReference; lastKnownFileType = folder.assetcatalog; path = Assets.xcassets; sourceTree = "<group>"; };
		39F1F6B91D3B90E200FF1C8C /* Base */ = {isa = PBXFileReference; lastKnownFileType = file.storyboard; name = Base; path = Base.lproj/LaunchScreen.storyboard; sourceTree = "<group>"; };
		39F1F6BB1D3B90E200FF1C8C /* Info.plist */ = {isa = PBXFileReference; lastKnownFileType = text.plist.xml; path = Info.plist; sourceTree = "<group>"; };
		39F1F70F1D3B91E200FF1C8C /* Qiscus.framework */ = {isa = PBXFileReference; explicitFileType = wrapper.framework; includeInIndex = 0; path = Qiscus.framework; sourceTree = BUILT_PRODUCTS_DIR; };
		39F1F7131D3B91E200FF1C8C /* Info.plist */ = {isa = PBXFileReference; lastKnownFileType = text.plist.xml; path = Info.plist; sourceTree = "<group>"; };
		39F1F7481D3B932A00FF1C8C /* Qiscus.swift */ = {isa = PBXFileReference; fileEncoding = 4; lastKnownFileType = sourcecode.swift; name = Qiscus.swift; path = Qiscus/Qiscus.swift; sourceTree = "<group>"; };
		39F70F671F3D56E100774D97 /* QComment.swift */ = {isa = PBXFileReference; fileEncoding = 4; lastKnownFileType = sourcecode.swift; name = QComment.swift; path = Qiscus/Model/DataModel/QComment.swift; sourceTree = "<group>"; };
		39F70F691F3D56F400774D97 /* QCommentGroup.swift */ = {isa = PBXFileReference; fileEncoding = 4; lastKnownFileType = sourcecode.swift; name = QCommentGroup.swift; path = Qiscus/Model/DataModel/QCommentGroup.swift; sourceTree = "<group>"; };
		39F70F6A1F3D56F400774D97 /* QCommentInfo.swift */ = {isa = PBXFileReference; fileEncoding = 4; lastKnownFileType = sourcecode.swift; name = QCommentInfo.swift; path = Qiscus/Model/DataModel/QCommentInfo.swift; sourceTree = "<group>"; };
		39F70F6B1F3D56F400774D97 /* QFile.swift */ = {isa = PBXFileReference; fileEncoding = 4; lastKnownFileType = sourcecode.swift; name = QFile.swift; path = Qiscus/Model/DataModel/QFile.swift; sourceTree = "<group>"; };
		39F70F6C1F3D56F400774D97 /* QParticipant.swift */ = {isa = PBXFileReference; fileEncoding = 4; lastKnownFileType = sourcecode.swift; name = QParticipant.swift; path = Qiscus/Model/DataModel/QParticipant.swift; sourceTree = "<group>"; };
		39F70F6D1F3D56F400774D97 /* QRoom.swift */ = {isa = PBXFileReference; fileEncoding = 4; lastKnownFileType = sourcecode.swift; name = QRoom.swift; path = Qiscus/Model/DataModel/QRoom.swift; sourceTree = "<group>"; };
		39F70F6E1F3D56F400774D97 /* QUser.swift */ = {isa = PBXFileReference; fileEncoding = 4; lastKnownFileType = sourcecode.swift; name = QUser.swift; path = Qiscus/Model/DataModel/QUser.swift; sourceTree = "<group>"; };
		39F70F751F3D5B4400774D97 /* QiscusAsyncImageView.swift */ = {isa = PBXFileReference; fileEncoding = 4; lastKnownFileType = sourcecode.swift; name = QiscusAsyncImageView.swift; path = Qiscus/Library/QiscusAsyncImageView.swift; sourceTree = "<group>"; };
		39F70F761F3D5B4400774D97 /* QiscusLoading.swift */ = {isa = PBXFileReference; fileEncoding = 4; lastKnownFileType = sourcecode.swift; name = QiscusLoading.swift; path = Qiscus/Library/QiscusLoading.swift; sourceTree = "<group>"; };
		39F70F771F3D5B4400774D97 /* QLoadingViewController.swift */ = {isa = PBXFileReference; fileEncoding = 4; lastKnownFileType = sourcecode.swift; name = QLoadingViewController.swift; path = Qiscus/Library/QLoadingViewController.swift; sourceTree = "<group>"; };
		39F70F781F3D5B4400774D97 /* QLoadingViewController.xib */ = {isa = PBXFileReference; fileEncoding = 4; lastKnownFileType = file.xib; name = QLoadingViewController.xib; path = Qiscus/Library/QLoadingViewController.xib; sourceTree = "<group>"; };
		39F70F791F3D5B4400774D97 /* QPopUpView.swift */ = {isa = PBXFileReference; fileEncoding = 4; lastKnownFileType = sourcecode.swift; name = QPopUpView.swift; path = Qiscus/Library/QPopUpView.swift; sourceTree = "<group>"; };
		39F70F7A1F3D5B4400774D97 /* QPopUpView.xib */ = {isa = PBXFileReference; fileEncoding = 4; lastKnownFileType = file.xib; name = QPopUpView.xib; path = Qiscus/Library/QPopUpView.xib; sourceTree = "<group>"; };
		39F70F7B1F3D5B4400774D97 /* QReachability.swift */ = {isa = PBXFileReference; fileEncoding = 4; lastKnownFileType = sourcecode.swift; name = QReachability.swift; path = Qiscus/Library/QReachability.swift; sourceTree = "<group>"; };
		39F70F7C1F3D5B4400774D97 /* QSiriWaveView.swift */ = {isa = PBXFileReference; fileEncoding = 4; lastKnownFileType = sourcecode.swift; name = QSiriWaveView.swift; path = Qiscus/Library/QSiriWaveView.swift; sourceTree = "<group>"; };
		39F70F7D1F3D5B4400774D97 /* QToasterConfig.swift */ = {isa = PBXFileReference; fileEncoding = 4; lastKnownFileType = sourcecode.swift; name = QToasterConfig.swift; path = Qiscus/Library/QToasterConfig.swift; sourceTree = "<group>"; };
		39F70F7E1F3D5B4400774D97 /* QToasterSwift.swift */ = {isa = PBXFileReference; fileEncoding = 4; lastKnownFileType = sourcecode.swift; name = QToasterSwift.swift; path = Qiscus/Library/QToasterSwift.swift; sourceTree = "<group>"; };
		39F70F7F1F3D5B4400774D97 /* QToasterView.swift */ = {isa = PBXFileReference; fileEncoding = 4; lastKnownFileType = sourcecode.swift; name = QToasterView.swift; path = Qiscus/Library/QToasterView.swift; sourceTree = "<group>"; };
		39F70F8B1F3D5BBD00774D97 /* Background.swift */ = {isa = PBXFileReference; fileEncoding = 4; lastKnownFileType = sourcecode.swift; name = Background.swift; path = Qiscus/Extension/Background.swift; sourceTree = "<group>"; };
		39F70F8C1F3D5BBD00774D97 /* NavigationBar.swift */ = {isa = PBXFileReference; fileEncoding = 4; lastKnownFileType = sourcecode.swift; name = NavigationBar.swift; path = Qiscus/Extension/NavigationBar.swift; sourceTree = "<group>"; };
		39F70F8D1F3D5BBD00774D97 /* QDate.swift */ = {isa = PBXFileReference; fileEncoding = 4; lastKnownFileType = sourcecode.swift; name = QDate.swift; path = Qiscus/Extension/QDate.swift; sourceTree = "<group>"; };
		39F70F8E1F3D5BBD00774D97 /* UIImage.swift */ = {isa = PBXFileReference; fileEncoding = 4; lastKnownFileType = sourcecode.swift; name = UIImage.swift; path = Qiscus/Extension/UIImage.swift; sourceTree = "<group>"; };
		39F70F8F1F3D5BBD00774D97 /* UIView.swift */ = {isa = PBXFileReference; fileEncoding = 4; lastKnownFileType = sourcecode.swift; name = UIView.swift; path = Qiscus/Extension/UIView.swift; sourceTree = "<group>"; };
		39F70F901F3D5BBD00774D97 /* ViewController.swift */ = {isa = PBXFileReference; fileEncoding = 4; lastKnownFileType = sourcecode.swift; name = ViewController.swift; path = Qiscus/Extension/ViewController.swift; sourceTree = "<group>"; };
		39F70F971F3D5CD200774D97 /* QChatCellHelper.swift */ = {isa = PBXFileReference; fileEncoding = 4; lastKnownFileType = sourcecode.swift; name = QChatCellHelper.swift; path = Qiscus/Helper/QChatCellHelper.swift; sourceTree = "<group>"; };
		39F70F981F3D5CD200774D97 /* QiscusHelper.swift */ = {isa = PBXFileReference; fileEncoding = 4; lastKnownFileType = sourcecode.swift; name = QiscusHelper.swift; path = Qiscus/Helper/QiscusHelper.swift; sourceTree = "<group>"; };
		39F70F9B1F3D5D6F00774D97 /* QiscusAssetsConfiguration.swift */ = {isa = PBXFileReference; fileEncoding = 4; lastKnownFileType = sourcecode.swift; name = QiscusAssetsConfiguration.swift; path = Qiscus/Configuration/QiscusAssetsConfiguration.swift; sourceTree = "<group>"; };
		39F70F9C1F3D5D6F00774D97 /* QiscusColorConfiguration.swift */ = {isa = PBXFileReference; fileEncoding = 4; lastKnownFileType = sourcecode.swift; name = QiscusColorConfiguration.swift; path = Qiscus/Configuration/QiscusColorConfiguration.swift; sourceTree = "<group>"; };
		39F70F9D1F3D5D6F00774D97 /* QiscusConfig.swift */ = {isa = PBXFileReference; fileEncoding = 4; lastKnownFileType = sourcecode.swift; name = QiscusConfig.swift; path = Qiscus/Configuration/QiscusConfig.swift; sourceTree = "<group>"; };
		39F70F9E1F3D5D6F00774D97 /* QiscusTextConfiguration.swift */ = {isa = PBXFileReference; fileEncoding = 4; lastKnownFileType = sourcecode.swift; name = QiscusTextConfiguration.swift; path = Qiscus/Configuration/QiscusTextConfiguration.swift; sourceTree = "<group>"; };
		39F70F9F1F3D5D6F00774D97 /* QiscusUIConfiguration.swift */ = {isa = PBXFileReference; fileEncoding = 4; lastKnownFileType = sourcecode.swift; name = QiscusUIConfiguration.swift; path = Qiscus/Configuration/QiscusUIConfiguration.swift; sourceTree = "<group>"; };
		39F70FA51F3D5E8300774D97 /* QChatService.swift */ = {isa = PBXFileReference; fileEncoding = 4; lastKnownFileType = sourcecode.swift; name = QChatService.swift; path = Qiscus/Service/QChatService.swift; sourceTree = "<group>"; };
		39F70FA61F3D5E8300774D97 /* QFileManager.swift */ = {isa = PBXFileReference; fileEncoding = 4; lastKnownFileType = sourcecode.swift; name = QFileManager.swift; path = Qiscus/Service/QFileManager.swift; sourceTree = "<group>"; };
		39F70FA71F3D5E8300774D97 /* QiscusCommentClient.swift */ = {isa = PBXFileReference; fileEncoding = 4; lastKnownFileType = sourcecode.swift; name = QiscusCommentClient.swift; path = Qiscus/Service/QiscusCommentClient.swift; sourceTree = "<group>"; };
		39F70FA81F3D5E8300774D97 /* QRoomService.swift */ = {isa = PBXFileReference; fileEncoding = 4; lastKnownFileType = sourcecode.swift; name = QRoomService.swift; path = Qiscus/Service/QRoomService.swift; sourceTree = "<group>"; };
		39F70FA91F3D5E8300774D97 /* QSyncNotifData.swift */ = {isa = PBXFileReference; fileEncoding = 4; lastKnownFileType = sourcecode.swift; name = QSyncNotifData.swift; path = Qiscus/Service/QSyncNotifData.swift; sourceTree = "<group>"; };
		39F70FAF1F3D5F5800774D97 /* QiscusChatVC.swift */ = {isa = PBXFileReference; fileEncoding = 4; lastKnownFileType = sourcecode.swift; name = QiscusChatVC.swift; path = Qiscus/View/QiscusChatVC.swift; sourceTree = "<group>"; };
		39F70FB01F3D5F5800774D97 /* QiscusChatVC.xib */ = {isa = PBXFileReference; fileEncoding = 4; lastKnownFileType = file.xib; name = QiscusChatVC.xib; path = Qiscus/View/QiscusChatVC.xib; sourceTree = "<group>"; };
		39F70FB41F3D5FE000774D97 /* QVCAction.swift */ = {isa = PBXFileReference; fileEncoding = 4; lastKnownFileType = sourcecode.swift; name = QVCAction.swift; path = Qiscus/View/QiscusChatVC/QVCAction.swift; sourceTree = "<group>"; };
		39F70FB51F3D5FE000774D97 /* QVCChatCell.swift */ = {isa = PBXFileReference; fileEncoding = 4; lastKnownFileType = sourcecode.swift; name = QVCChatCell.swift; path = Qiscus/View/QiscusChatVC/QVCChatCell.swift; sourceTree = "<group>"; };
		39F70FB61F3D5FE000774D97 /* QVCChatInputText.swift */ = {isa = PBXFileReference; fileEncoding = 4; lastKnownFileType = sourcecode.swift; name = QVCChatInputText.swift; path = Qiscus/View/QiscusChatVC/QVCChatInputText.swift; sourceTree = "<group>"; };
		39F70FB71F3D5FE000774D97 /* QVCCollectionView.swift */ = {isa = PBXFileReference; fileEncoding = 4; lastKnownFileType = sourcecode.swift; name = QVCCollectionView.swift; path = Qiscus/View/QiscusChatVC/QVCCollectionView.swift; sourceTree = "<group>"; };
		39F70FB81F3D5FE000774D97 /* QVCPickerAndMedia.swift */ = {isa = PBXFileReference; fileEncoding = 4; lastKnownFileType = sourcecode.swift; name = QVCPickerAndMedia.swift; path = Qiscus/View/QiscusChatVC/QVCPickerAndMedia.swift; sourceTree = "<group>"; };
		39F70FBE1F3D619900774D97 /* QCellAudio.swift */ = {isa = PBXFileReference; fileEncoding = 4; lastKnownFileType = sourcecode.swift; name = QCellAudio.swift; path = Qiscus/View/QChatCell/QCellAudio.swift; sourceTree = "<group>"; };
		39F70FBF1F3D619900774D97 /* QCellAudioLeft.swift */ = {isa = PBXFileReference; fileEncoding = 4; lastKnownFileType = sourcecode.swift; name = QCellAudioLeft.swift; path = Qiscus/View/QChatCell/QCellAudioLeft.swift; sourceTree = "<group>"; };
		39F70FC01F3D619900774D97 /* QCellAudioLeft.xib */ = {isa = PBXFileReference; fileEncoding = 4; lastKnownFileType = file.xib; name = QCellAudioLeft.xib; path = Qiscus/View/QChatCell/QCellAudioLeft.xib; sourceTree = "<group>"; };
		39F70FC11F3D619900774D97 /* QCellAudioRight.swift */ = {isa = PBXFileReference; fileEncoding = 4; lastKnownFileType = sourcecode.swift; name = QCellAudioRight.swift; path = Qiscus/View/QChatCell/QCellAudioRight.swift; sourceTree = "<group>"; };
		39F70FC21F3D619900774D97 /* QCellAudioRight.xib */ = {isa = PBXFileReference; fileEncoding = 4; lastKnownFileType = file.xib; name = QCellAudioRight.xib; path = Qiscus/View/QChatCell/QCellAudioRight.xib; sourceTree = "<group>"; };
		39F70FC31F3D619900774D97 /* QCellCardLeft.swift */ = {isa = PBXFileReference; fileEncoding = 4; lastKnownFileType = sourcecode.swift; name = QCellCardLeft.swift; path = Qiscus/View/QChatCell/QCellCardLeft.swift; sourceTree = "<group>"; };
		39F70FC41F3D619900774D97 /* QCellCardLeft.xib */ = {isa = PBXFileReference; fileEncoding = 4; lastKnownFileType = file.xib; name = QCellCardLeft.xib; path = Qiscus/View/QChatCell/QCellCardLeft.xib; sourceTree = "<group>"; };
		39F70FC51F3D619900774D97 /* QCellCardRight.swift */ = {isa = PBXFileReference; fileEncoding = 4; lastKnownFileType = sourcecode.swift; name = QCellCardRight.swift; path = Qiscus/View/QChatCell/QCellCardRight.swift; sourceTree = "<group>"; };
		39F70FC61F3D619900774D97 /* QCellCardRight.xib */ = {isa = PBXFileReference; fileEncoding = 4; lastKnownFileType = file.xib; name = QCellCardRight.xib; path = Qiscus/View/QChatCell/QCellCardRight.xib; sourceTree = "<group>"; };
		39F70FC71F3D619900774D97 /* QCellContactRight.swift */ = {isa = PBXFileReference; fileEncoding = 4; lastKnownFileType = sourcecode.swift; name = QCellContactRight.swift; path = Qiscus/View/QChatCell/QCellContactRight.swift; sourceTree = "<group>"; };
		39F70FC81F3D619900774D97 /* QCellContactRight.xib */ = {isa = PBXFileReference; fileEncoding = 4; lastKnownFileType = file.xib; name = QCellContactRight.xib; path = Qiscus/View/QChatCell/QCellContactRight.xib; sourceTree = "<group>"; };
		39F70FC91F3D619900774D97 /* QCellFileLeft.swift */ = {isa = PBXFileReference; fileEncoding = 4; lastKnownFileType = sourcecode.swift; name = QCellFileLeft.swift; path = Qiscus/View/QChatCell/QCellFileLeft.swift; sourceTree = "<group>"; };
		39F70FCA1F3D619900774D97 /* QCellFileLeft.xib */ = {isa = PBXFileReference; fileEncoding = 4; lastKnownFileType = file.xib; name = QCellFileLeft.xib; path = Qiscus/View/QChatCell/QCellFileLeft.xib; sourceTree = "<group>"; };
		39F70FCB1F3D619900774D97 /* QCellFileRight.swift */ = {isa = PBXFileReference; fileEncoding = 4; lastKnownFileType = sourcecode.swift; name = QCellFileRight.swift; path = Qiscus/View/QChatCell/QCellFileRight.swift; sourceTree = "<group>"; };
		39F70FCC1F3D619900774D97 /* QCellFileRight.xib */ = {isa = PBXFileReference; fileEncoding = 4; lastKnownFileType = file.xib; name = QCellFileRight.xib; path = Qiscus/View/QChatCell/QCellFileRight.xib; sourceTree = "<group>"; };
		39F70FCD1F3D619900774D97 /* QCellMediaLeft.swift */ = {isa = PBXFileReference; fileEncoding = 4; lastKnownFileType = sourcecode.swift; name = QCellMediaLeft.swift; path = Qiscus/View/QChatCell/QCellMediaLeft.swift; sourceTree = "<group>"; };
		39F70FCE1F3D619900774D97 /* QCellMediaLeft.xib */ = {isa = PBXFileReference; fileEncoding = 4; lastKnownFileType = file.xib; name = QCellMediaLeft.xib; path = Qiscus/View/QChatCell/QCellMediaLeft.xib; sourceTree = "<group>"; };
		39F70FCF1F3D619900774D97 /* QCellMediaRight.swift */ = {isa = PBXFileReference; fileEncoding = 4; lastKnownFileType = sourcecode.swift; name = QCellMediaRight.swift; path = Qiscus/View/QChatCell/QCellMediaRight.swift; sourceTree = "<group>"; };
		39F70FD01F3D619900774D97 /* QCellMediaRight.xib */ = {isa = PBXFileReference; fileEncoding = 4; lastKnownFileType = file.xib; name = QCellMediaRight.xib; path = Qiscus/View/QChatCell/QCellMediaRight.xib; sourceTree = "<group>"; };
		39F70FD11F3D619900774D97 /* QCellPostbackLeft.swift */ = {isa = PBXFileReference; fileEncoding = 4; lastKnownFileType = sourcecode.swift; name = QCellPostbackLeft.swift; path = Qiscus/View/QChatCell/QCellPostbackLeft.swift; sourceTree = "<group>"; };
		39F70FD21F3D619900774D97 /* QCellPostbackLeft.xib */ = {isa = PBXFileReference; fileEncoding = 4; lastKnownFileType = file.xib; name = QCellPostbackLeft.xib; path = Qiscus/View/QChatCell/QCellPostbackLeft.xib; sourceTree = "<group>"; };
		39F70FD31F3D619900774D97 /* QCellSystem.swift */ = {isa = PBXFileReference; fileEncoding = 4; lastKnownFileType = sourcecode.swift; name = QCellSystem.swift; path = Qiscus/View/QChatCell/QCellSystem.swift; sourceTree = "<group>"; };
		39F70FD41F3D619900774D97 /* QCellSystem.xib */ = {isa = PBXFileReference; fileEncoding = 4; lastKnownFileType = file.xib; name = QCellSystem.xib; path = Qiscus/View/QChatCell/QCellSystem.xib; sourceTree = "<group>"; };
		39F70FD51F3D619900774D97 /* QCellTextLeft.swift */ = {isa = PBXFileReference; fileEncoding = 4; lastKnownFileType = sourcecode.swift; name = QCellTextLeft.swift; path = Qiscus/View/QChatCell/QCellTextLeft.swift; sourceTree = "<group>"; };
		39F70FD61F3D619900774D97 /* QCellTextLeft.xib */ = {isa = PBXFileReference; fileEncoding = 4; lastKnownFileType = file.xib; name = QCellTextLeft.xib; path = Qiscus/View/QChatCell/QCellTextLeft.xib; sourceTree = "<group>"; };
		39F70FD71F3D619900774D97 /* QCellTextRight.swift */ = {isa = PBXFileReference; fileEncoding = 4; lastKnownFileType = sourcecode.swift; name = QCellTextRight.swift; path = Qiscus/View/QChatCell/QCellTextRight.swift; sourceTree = "<group>"; };
		39F70FD81F3D619900774D97 /* QCellTextRight.xib */ = {isa = PBXFileReference; fileEncoding = 4; lastKnownFileType = file.xib; name = QCellTextRight.xib; path = Qiscus/View/QChatCell/QCellTextRight.xib; sourceTree = "<group>"; };
		39F70FD91F3D619900774D97 /* QChatCell.swift */ = {isa = PBXFileReference; fileEncoding = 4; lastKnownFileType = sourcecode.swift; name = QChatCell.swift; path = Qiscus/View/QChatCell/QChatCell.swift; sourceTree = "<group>"; };
		39F70FDA1F3D619900774D97 /* QChatFooterLeft.swift */ = {isa = PBXFileReference; fileEncoding = 4; lastKnownFileType = sourcecode.swift; name = QChatFooterLeft.swift; path = Qiscus/View/QChatCell/QChatFooterLeft.swift; sourceTree = "<group>"; };
		39F70FDB1F3D619900774D97 /* QChatFooterLeft.xib */ = {isa = PBXFileReference; fileEncoding = 4; lastKnownFileType = file.xib; name = QChatFooterLeft.xib; path = Qiscus/View/QChatCell/QChatFooterLeft.xib; sourceTree = "<group>"; };
		39F70FDC1F3D619900774D97 /* QChatFooterRight.swift */ = {isa = PBXFileReference; fileEncoding = 4; lastKnownFileType = sourcecode.swift; name = QChatFooterRight.swift; path = Qiscus/View/QChatCell/QChatFooterRight.swift; sourceTree = "<group>"; };
		39F70FDD1F3D619900774D97 /* QChatFooterRight.xib */ = {isa = PBXFileReference; fileEncoding = 4; lastKnownFileType = file.xib; name = QChatFooterRight.xib; path = Qiscus/View/QChatCell/QChatFooterRight.xib; sourceTree = "<group>"; };
		39F70FDE1F3D619900774D97 /* QChatHeaderCell.swift */ = {isa = PBXFileReference; fileEncoding = 4; lastKnownFileType = sourcecode.swift; name = QChatHeaderCell.swift; path = Qiscus/View/QChatCell/QChatHeaderCell.swift; sourceTree = "<group>"; };
		39F70FDF1F3D619900774D97 /* QChatHeaderCell.xib */ = {isa = PBXFileReference; fileEncoding = 4; lastKnownFileType = file.xib; name = QChatHeaderCell.xib; path = Qiscus/View/QChatCell/QChatHeaderCell.xib; sourceTree = "<group>"; };
		39F710021F3D62D600774D97 /* QCommentDelegate.swift */ = {isa = PBXFileReference; fileEncoding = 4; lastKnownFileType = sourcecode.swift; name = QCommentDelegate.swift; path = Qiscus/Model/Protocol/QCommentDelegate.swift; sourceTree = "<group>"; };
		39F710031F3D62D600774D97 /* QiscusChatCellDelegate.swift */ = {isa = PBXFileReference; fileEncoding = 4; lastKnownFileType = sourcecode.swift; name = QiscusChatCellDelegate.swift; path = Qiscus/Model/Protocol/QiscusChatCellDelegate.swift; sourceTree = "<group>"; };
		39F710041F3D62D600774D97 /* QiscusConfigDelegate.swift */ = {isa = PBXFileReference; fileEncoding = 4; lastKnownFileType = sourcecode.swift; name = QiscusConfigDelegate.swift; path = Qiscus/Model/Protocol/QiscusConfigDelegate.swift; sourceTree = "<group>"; };
		39F710051F3D62D600774D97 /* QiscusRoomDelegate.swift */ = {isa = PBXFileReference; fileEncoding = 4; lastKnownFileType = sourcecode.swift; name = QiscusRoomDelegate.swift; path = Qiscus/Model/Protocol/QiscusRoomDelegate.swift; sourceTree = "<group>"; };
		39F7100A1F3D62FE00774D97 /* QiscusFileHelper.swift */ = {isa = PBXFileReference; fileEncoding = 4; lastKnownFileType = sourcecode.swift; name = QiscusFileHelper.swift; path = Qiscus/Model/QiscusFileHelper.swift; sourceTree = "<group>"; };
		39F7100B1F3D62FE00774D97 /* QiscusGalleryItem.swift */ = {isa = PBXFileReference; fileEncoding = 4; lastKnownFileType = sourcecode.swift; name = QiscusGalleryItem.swift; path = Qiscus/Model/QiscusGalleryItem.swift; sourceTree = "<group>"; };
		39F7100C1F3D62FE00774D97 /* QiscusLinkData.swift */ = {isa = PBXFileReference; fileEncoding = 4; lastKnownFileType = sourcecode.swift; name = QiscusLinkData.swift; path = Qiscus/Model/QiscusLinkData.swift; sourceTree = "<group>"; };
		39F7100D1F3D62FE00774D97 /* QiscusMe.swift */ = {isa = PBXFileReference; fileEncoding = 4; lastKnownFileType = sourcecode.swift; name = QiscusMe.swift; path = Qiscus/Model/QiscusMe.swift; sourceTree = "<group>"; };
		39F710121F3D638F00774D97 /* ChatPreviewDocVC.swift */ = {isa = PBXFileReference; fileEncoding = 4; lastKnownFileType = sourcecode.swift; name = ChatPreviewDocVC.swift; path = Qiscus/View/ChatPreviewDocVC.swift; sourceTree = "<group>"; };
		39F710141F3D63B500774D97 /* ChatFileButton.swift */ = {isa = PBXFileReference; fileEncoding = 4; lastKnownFileType = sourcecode.swift; name = ChatFileButton.swift; path = Qiscus/View/Component/ChatFileButton.swift; sourceTree = "<group>"; };
		39F710151F3D63B500774D97 /* ChatInputText.swift */ = {isa = PBXFileReference; fileEncoding = 4; lastKnownFileType = sourcecode.swift; name = ChatInputText.swift; path = Qiscus/View/Component/ChatInputText.swift; sourceTree = "<group>"; };
		39F710161F3D63B500774D97 /* ChatTapRecognizer.swift */ = {isa = PBXFileReference; fileEncoding = 4; lastKnownFileType = sourcecode.swift; name = ChatTapRecognizer.swift; path = Qiscus/View/Component/ChatTapRecognizer.swift; sourceTree = "<group>"; };
		39F710171F3D63B500774D97 /* QCardButton.swift */ = {isa = PBXFileReference; fileEncoding = 4; lastKnownFileType = sourcecode.swift; name = QCardButton.swift; path = Qiscus/View/Component/QCardButton.swift; sourceTree = "<group>"; };
		39F710181F3D63B500774D97 /* QTextView.swift */ = {isa = PBXFileReference; fileEncoding = 4; lastKnownFileType = sourcecode.swift; name = QTextView.swift; path = Qiscus/View/Component/QTextView.swift; sourceTree = "<group>"; };
		4D08EB2720080F1BFAA0EF4E /* Pods-Qiscus.release.xcconfig */ = {isa = PBXFileReference; includeInIndex = 1; lastKnownFileType = text.xcconfig; name = "Pods-Qiscus.release.xcconfig"; path = "Pods/Target Support Files/Pods-Qiscus/Pods-Qiscus.release.xcconfig"; sourceTree = "<group>"; };
		88710D4C9FAFADF156A657F4 /* Pods_Example.framework */ = {isa = PBXFileReference; explicitFileType = wrapper.framework; includeInIndex = 0; path = Pods_Example.framework; sourceTree = BUILT_PRODUCTS_DIR; };
		98773C3A23586CB325C3DFE1 /* Pods-Example.debug.xcconfig */ = {isa = PBXFileReference; includeInIndex = 1; lastKnownFileType = text.xcconfig; name = "Pods-Example.debug.xcconfig"; path = "Pods/Target Support Files/Pods-Example/Pods-Example.debug.xcconfig"; sourceTree = "<group>"; };
		9CE65FBC6F02844B3B9F7A09 /* Pods-Example.release.xcconfig */ = {isa = PBXFileReference; includeInIndex = 1; lastKnownFileType = text.xcconfig; name = "Pods-Example.release.xcconfig"; path = "Pods/Target Support Files/Pods-Example/Pods-Example.release.xcconfig"; sourceTree = "<group>"; };
		A4527A84D23FDA5B8B32B9C1 /* Pods_Qiscus.framework */ = {isa = PBXFileReference; explicitFileType = wrapper.framework; includeInIndex = 0; path = Pods_Qiscus.framework; sourceTree = BUILT_PRODUCTS_DIR; };
		EC54D4C4B940F9B3AB0ACC05 /* Pods_QiscusTests.framework */ = {isa = PBXFileReference; explicitFileType = wrapper.framework; includeInIndex = 0; path = Pods_QiscusTests.framework; sourceTree = BUILT_PRODUCTS_DIR; };
		F3F55B687CDC2C8DA3A277C5 /* Pods-Qiscus.debug.xcconfig */ = {isa = PBXFileReference; includeInIndex = 1; lastKnownFileType = text.xcconfig; name = "Pods-Qiscus.debug.xcconfig"; path = "Pods/Target Support Files/Pods-Qiscus/Pods-Qiscus.debug.xcconfig"; sourceTree = "<group>"; };
/* End PBXFileReference section */

/* Begin PBXFrameworksBuildPhase section */
		39F1F6A61D3B90E200FF1C8C /* Frameworks */ = {
			isa = PBXFrameworksBuildPhase;
			buildActionMask = 2147483647;
			files = (
				392A00E01F8F1CEE0066B440 /* Qiscus.framework in Frameworks */,
				B0846505F0ABD97C0375C737 /* Pods_Example.framework in Frameworks */,
			);
			runOnlyForDeploymentPostprocessing = 0;
		};
		39F1F70B1D3B91E200FF1C8C /* Frameworks */ = {
			isa = PBXFrameworksBuildPhase;
			buildActionMask = 2147483647;
			files = (
				6A7FF5E2D9CEB063A127937B /* Pods_Qiscus.framework in Frameworks */,
			);
			runOnlyForDeploymentPostprocessing = 0;
		};
/* End PBXFrameworksBuildPhase section */

/* Begin PBXGroup section */
		390F446C1E53ED0A00C6B64B /* DataModel */ = {
			isa = PBXGroup;
			children = (
				39F70F671F3D56E100774D97 /* QComment.swift */,
				39F70F691F3D56F400774D97 /* QCommentGroup.swift */,
				39F70F6A1F3D56F400774D97 /* QCommentInfo.swift */,
				39F70F6B1F3D56F400774D97 /* QFile.swift */,
				39F70F6C1F3D56F400774D97 /* QParticipant.swift */,
				39F70F6D1F3D56F400774D97 /* QRoom.swift */,
				39F70F6E1F3D56F400774D97 /* QUser.swift */,
			);
			name = DataModel;
			sourceTree = "<group>";
		};
		3920159E1D42512F005561C2 /* Helper */ = {
			isa = PBXGroup;
			children = (
				39F70F971F3D5CD200774D97 /* QChatCellHelper.swift */,
				39F70F981F3D5CD200774D97 /* QiscusHelper.swift */,
			);
			name = Helper;
			sourceTree = "<group>";
		};
		393BE6DA1F70B1120099AD80 /* View Collection */ = {
			isa = PBXGroup;
			children = (
				393BE6E61F7204EA0099AD80 /* Default View */,
				396CBDB31F6B6E910028C3FE /* QRoomList */,
			);
			name = "View Collection";
			sourceTree = "<group>";
		};
		393BE6E61F7204EA0099AD80 /* Default View */ = {
			isa = PBXGroup;
			children = (
				393BE6DE1F70B1F90099AD80 /* QRoomListDefaultCell.swift */,
				393BE6DF1F70B1F90099AD80 /* QRoomListDefaultCell.xib */,
				393BE6E71F7206280099AD80 /* QSearchListDefaultCell.swift */,
				393BE6E81F7206280099AD80 /* QSearchListDefaultCell.xib */,
			);
			name = "Default View";
			sourceTree = "<group>";
		};
		396CBDB31F6B6E910028C3FE /* QRoomList */ = {
			isa = PBXGroup;
			children = (
				393BE6DC1F70B1F90099AD80 /* QRoomList.swift */,
				393BE6DD1F70B1F90099AD80 /* QRoomListCell.swift */,
				393BE6E41F7119F80099AD80 /* QSearchListCell.swift */,
			);
			name = QRoomList;
			sourceTree = "<group>";
		};
		39955B3F1D655B6700927ADD /* ViewController */ = {
			isa = PBXGroup;
			children = (
				39955B401D655C5500927ADD /* Component */,
				39E790511E5298150011850B /* QiscusChatVC */,
				39F70FAF1F3D5F5800774D97 /* QiscusChatVC.swift */,
				39F70FB01F3D5F5800774D97 /* QiscusChatVC.xib */,
				39F710121F3D638F00774D97 /* ChatPreviewDocVC.swift */,
				39E7544C1F67B5AD003C3302 /* QiscusUploaderVC.swift */,
				39E7544D1F67B5AD003C3302 /* QiscusUploaderVC.xib */,
			);
			name = ViewController;
			sourceTree = "<group>";
		};
		39955B401D655C5500927ADD /* Component */ = {
			isa = PBXGroup;
			children = (
				39F710141F3D63B500774D97 /* ChatFileButton.swift */,
				39F710151F3D63B500774D97 /* ChatInputText.swift */,
				39F710161F3D63B500774D97 /* ChatTapRecognizer.swift */,
				39F710171F3D63B500774D97 /* QCardButton.swift */,
				39F710181F3D63B500774D97 /* QTextView.swift */,
			);
			name = Component;
			sourceTree = "<group>";
		};
		39955B5B1D65603C00927ADD /* Extension */ = {
			isa = PBXGroup;
			children = (
				39F70F8B1F3D5BBD00774D97 /* Background.swift */,
				39F70F8C1F3D5BBD00774D97 /* NavigationBar.swift */,
				39F70F8D1F3D5BBD00774D97 /* QDate.swift */,
				39F70F8E1F3D5BBD00774D97 /* UIImage.swift */,
				39F70F8F1F3D5BBD00774D97 /* UIView.swift */,
				39F70F901F3D5BBD00774D97 /* ViewController.swift */,
			);
			name = Extension;
			sourceTree = "<group>";
		};
		39E195E81DBDE392000DDF76 /* Library */ = {
			isa = PBXGroup;
			children = (
				39F70F751F3D5B4400774D97 /* QiscusAsyncImageView.swift */,
				39F70F761F3D5B4400774D97 /* QiscusLoading.swift */,
				39F70F771F3D5B4400774D97 /* QLoadingViewController.swift */,
				39F70F781F3D5B4400774D97 /* QLoadingViewController.xib */,
				39F70F791F3D5B4400774D97 /* QPopUpView.swift */,
				39F70F7A1F3D5B4400774D97 /* QPopUpView.xib */,
				39F70F7B1F3D5B4400774D97 /* QReachability.swift */,
				39F70F7C1F3D5B4400774D97 /* QSiriWaveView.swift */,
				39F70F7D1F3D5B4400774D97 /* QToasterConfig.swift */,
				39F70F7E1F3D5B4400774D97 /* QToasterSwift.swift */,
				39F70F7F1F3D5B4400774D97 /* QToasterView.swift */,
			);
			name = Library;
			sourceTree = "<group>";
		};
		39E790511E5298150011850B /* QiscusChatVC */ = {
			isa = PBXGroup;
			children = (
				39F70FB31F3D5FB500774D97 /* QChatCell */,
				39F70FB41F3D5FE000774D97 /* QVCAction.swift */,
				39F70FB51F3D5FE000774D97 /* QVCChatCell.swift */,
				39F70FB61F3D5FE000774D97 /* QVCChatInputText.swift */,
				39F70FB71F3D5FE000774D97 /* QVCCollectionView.swift */,
				39F70FB81F3D5FE000774D97 /* QVCPickerAndMedia.swift */,
			);
			name = QiscusChatVC;
			sourceTree = "<group>";
		};
		39F1F6A01D3B90E200FF1C8C = {
			isa = PBXGroup;
			children = (
				39BD59161EB2F1A3001AFB7C /* Qiscus.podspec */,
				39F1F6AB1D3B90E200FF1C8C /* Example */,
				39F1F7101D3B91E200FF1C8C /* Qiscus */,
				39F1F6AA1D3B90E200FF1C8C /* Products */,
				D152613B40A4B1744C77978E /* Pods */,
				BE138CAFFD79F3212D8F75CE /* Frameworks */,
			);
			sourceTree = "<group>";
		};
		39F1F6AA1D3B90E200FF1C8C /* Products */ = {
			isa = PBXGroup;
			children = (
				39F1F6A91D3B90E200FF1C8C /* Example.app */,
				39F1F70F1D3B91E200FF1C8C /* Qiscus.framework */,
			);
			name = Products;
			sourceTree = "<group>";
		};
		39F1F6AB1D3B90E200FF1C8C /* Example */ = {
			isa = PBXGroup;
			children = (
				390E9F8F1E482D2B004B5940 /* Example.entitlements */,
				395291211E28559B004BD6B4 /* goToChatVC.swift */,
				395291221E28559B004BD6B4 /* goToChatVC.xib */,
				395291231E28559B004BD6B4 /* MainView.swift */,
				395291241E28559B004BD6B4 /* MainView.xib */,
				39F1F6AC1D3B90E200FF1C8C /* AppDelegate.swift */,
				39F1F6B01D3B90E200FF1C8C /* Main.storyboard */,
				39F1F6B61D3B90E200FF1C8C /* Assets.xcassets */,
				39F1F6B81D3B90E200FF1C8C /* LaunchScreen.storyboard */,
				39F1F6BB1D3B90E200FF1C8C /* Info.plist */,
				39E7542D1F5E7327003C3302 /* SearchResultVC.swift */,
				39E7542E1F5E7327003C3302 /* SearchResultVC.xib */,
				39E754311F5E84B0003C3302 /* SearchCell.swift */,
				39E754321F5E84B0003C3302 /* SearchCell.xib */,
				39E754351F62226E003C3302 /* RoomListVC.swift */,
				39E754361F62226E003C3302 /* RoomListVC.xib */,
				39E754391F6222AB003C3302 /* RoomListCell.swift */,
				39E7543A1F6222AB003C3302 /* RoomListCell.xib */,
				396CBDBC1F6B80390028C3FE /* RoomListVC2.swift */,
				396CBDBD1F6B80390028C3FE /* RoomListVC2.xib */,
				3939EEA11F78E0470073B880 /* ProgressVC.swift */,
				3939EEA21F78E0470073B880 /* ProgressVC.xib */,
			);
			path = Example;
			sourceTree = "<group>";
		};
		39F1F7101D3B91E200FF1C8C /* Qiscus */ = {
			isa = PBXGroup;
			children = (
				393BE6DA1F70B1120099AD80 /* View Collection */,
				39E195E81DBDE392000DDF76 /* Library */,
				39955B5B1D65603C00927ADD /* Extension */,
				3920159E1D42512F005561C2 /* Helper */,
				39F1F72F1D3B92AA00FF1C8C /* Model */,
				39F1F72E1D3B929700FF1C8C /* Configuration */,
				39F1F72D1D3B928D00FF1C8C /* Service */,
				39955B3F1D655B6700927ADD /* ViewController */,
				39F1F7481D3B932A00FF1C8C /* Qiscus.swift */,
				39F1F7131D3B91E200FF1C8C /* Info.plist */,
				39955B6C1D656D1700927ADD /* Media.xcassets */,
			);
			path = Qiscus;
			sourceTree = "<group>";
		};
		39F1F72D1D3B928D00FF1C8C /* Service */ = {
			isa = PBXGroup;
			children = (
				39E754421F678B2B003C3302 /* QiscusNotification.swift */,
				39F70FA51F3D5E8300774D97 /* QChatService.swift */,
				39F70FA61F3D5E8300774D97 /* QFileManager.swift */,
				39F70FA71F3D5E8300774D97 /* QiscusCommentClient.swift */,
				39F70FA81F3D5E8300774D97 /* QRoomService.swift */,
				39F70FA91F3D5E8300774D97 /* QSyncNotifData.swift */,
				39C929C61FB5583F0068EBF3 /* QiscusService.swift */,
			);
			name = Service;
			sourceTree = "<group>";
		};
		39F1F72E1D3B929700FF1C8C /* Configuration */ = {
			isa = PBXGroup;
			children = (
				39F70F9B1F3D5D6F00774D97 /* QiscusAssetsConfiguration.swift */,
				39F70F9C1F3D5D6F00774D97 /* QiscusColorConfiguration.swift */,
				39F70F9D1F3D5D6F00774D97 /* QiscusConfig.swift */,
				39F70F9E1F3D5D6F00774D97 /* QiscusTextConfiguration.swift */,
				39F70F9F1F3D5D6F00774D97 /* QiscusUIConfiguration.swift */,
			);
			name = Configuration;
			sourceTree = "<group>";
		};
		39F1F72F1D3B92AA00FF1C8C /* Model */ = {
			isa = PBXGroup;
			children = (
				39F1F74C1D3C7B4300FF1C8C /* Protocol */,
				390F446C1E53ED0A00C6B64B /* DataModel */,
				39F7100A1F3D62FE00774D97 /* QiscusFileHelper.swift */,
				39F7100B1F3D62FE00774D97 /* QiscusGalleryItem.swift */,
				39F7100C1F3D62FE00774D97 /* QiscusLinkData.swift */,
				39F7100D1F3D62FE00774D97 /* QiscusMe.swift */,
			);
			name = Model;
			sourceTree = "<group>";
		};
		39F1F74C1D3C7B4300FF1C8C /* Protocol */ = {
			isa = PBXGroup;
			children = (
				39F710021F3D62D600774D97 /* QCommentDelegate.swift */,
				39F710031F3D62D600774D97 /* QiscusChatCellDelegate.swift */,
				39F710041F3D62D600774D97 /* QiscusConfigDelegate.swift */,
				39F710051F3D62D600774D97 /* QiscusRoomDelegate.swift */,
			);
			name = Protocol;
			sourceTree = "<group>";
		};
		39F70FB31F3D5FB500774D97 /* QChatCell */ = {
			isa = PBXGroup;
			children = (
				39F70FBE1F3D619900774D97 /* QCellAudio.swift */,
				39F70FBF1F3D619900774D97 /* QCellAudioLeft.swift */,
				39F70FC01F3D619900774D97 /* QCellAudioLeft.xib */,
				39F70FC11F3D619900774D97 /* QCellAudioRight.swift */,
				39F70FC21F3D619900774D97 /* QCellAudioRight.xib */,
				39F70FC31F3D619900774D97 /* QCellCardLeft.swift */,
				39F70FC41F3D619900774D97 /* QCellCardLeft.xib */,
				39F70FC51F3D619900774D97 /* QCellCardRight.swift */,
				39F70FC61F3D619900774D97 /* QCellCardRight.xib */,
				392F18951F4D175700ABE232 /* QCellContactLeft.swift */,
				392F18961F4D175700ABE232 /* QCellContactLeft.xib */,
				39F70FC71F3D619900774D97 /* QCellContactRight.swift */,
				39F70FC81F3D619900774D97 /* QCellContactRight.xib */,
				39F70FC91F3D619900774D97 /* QCellFileLeft.swift */,
				39F70FCA1F3D619900774D97 /* QCellFileLeft.xib */,
				39F70FCB1F3D619900774D97 /* QCellFileRight.swift */,
				39F70FCC1F3D619900774D97 /* QCellFileRight.xib */,
				39F70FCD1F3D619900774D97 /* QCellMediaLeft.swift */,
				39F70FCE1F3D619900774D97 /* QCellMediaLeft.xib */,
				39F70FCF1F3D619900774D97 /* QCellMediaRight.swift */,
				39F70FD01F3D619900774D97 /* QCellMediaRight.xib */,
				39F70FD11F3D619900774D97 /* QCellPostbackLeft.swift */,
				39F70FD21F3D619900774D97 /* QCellPostbackLeft.xib */,
				39F70FD31F3D619900774D97 /* QCellSystem.swift */,
				39F70FD41F3D619900774D97 /* QCellSystem.xib */,
				39F70FD51F3D619900774D97 /* QCellTextLeft.swift */,
				39F70FD61F3D619900774D97 /* QCellTextLeft.xib */,
				39F70FD71F3D619900774D97 /* QCellTextRight.swift */,
				39F70FD81F3D619900774D97 /* QCellTextRight.xib */,
				39F70FD91F3D619900774D97 /* QChatCell.swift */,
				39F70FDA1F3D619900774D97 /* QChatFooterLeft.swift */,
				39F70FDB1F3D619900774D97 /* QChatFooterLeft.xib */,
				39F70FDC1F3D619900774D97 /* QChatFooterRight.swift */,
				39F70FDD1F3D619900774D97 /* QChatFooterRight.xib */,
				39F70FDE1F3D619900774D97 /* QChatHeaderCell.swift */,
				39F70FDF1F3D619900774D97 /* QChatHeaderCell.xib */,
				394D7A9D1F4E735300E69E1C /* QCellLocationRight.swift */,
				394D7A9E1F4E735300E69E1C /* QCellLocationRight.xib */,
				394D7AA11F4E979E00E69E1C /* QCellLocationLeft.swift */,
				394D7AA21F4E979E00E69E1C /* QCellLocationLeft.xib */,
			);
			name = QChatCell;
			sourceTree = "<group>";
		};
		BE138CAFFD79F3212D8F75CE /* Frameworks */ = {
			isa = PBXGroup;
			children = (
				39955B801D65A2D900927ADD /* QAsyncImageView.framework */,
				39955B811D65A2D900927ADD /* QToasterSwift.framework */,
				A4527A84D23FDA5B8B32B9C1 /* Pods_Qiscus.framework */,
				EC54D4C4B940F9B3AB0ACC05 /* Pods_QiscusTests.framework */,
				88710D4C9FAFADF156A657F4 /* Pods_Example.framework */,
			);
			name = Frameworks;
			sourceTree = "<group>";
		};
		D152613B40A4B1744C77978E /* Pods */ = {
			isa = PBXGroup;
			children = (
				98773C3A23586CB325C3DFE1 /* Pods-Example.debug.xcconfig */,
				9CE65FBC6F02844B3B9F7A09 /* Pods-Example.release.xcconfig */,
				F3F55B687CDC2C8DA3A277C5 /* Pods-Qiscus.debug.xcconfig */,
				4D08EB2720080F1BFAA0EF4E /* Pods-Qiscus.release.xcconfig */,
			);
			name = Pods;
			sourceTree = "<group>";
		};
/* End PBXGroup section */

/* Begin PBXHeadersBuildPhase section */
		39F1F70C1D3B91E200FF1C8C /* Headers */ = {
			isa = PBXHeadersBuildPhase;
			buildActionMask = 2147483647;
			files = (
				39F1F7631D3CB12800FF1C8C /* Qiscus.swift in Headers */,
			);
			runOnlyForDeploymentPostprocessing = 0;
		};
/* End PBXHeadersBuildPhase section */

/* Begin PBXNativeTarget section */
		39F1F6A81D3B90E200FF1C8C /* Example */ = {
			isa = PBXNativeTarget;
			buildConfigurationList = 39F1F6D41D3B90E200FF1C8C /* Build configuration list for PBXNativeTarget "Example" */;
			buildPhases = (
				66B708A3602CA3F385EAFCDD /* [CP] Check Pods Manifest.lock */,
				39F1F6A51D3B90E200FF1C8C /* Sources */,
				39F1F6A61D3B90E200FF1C8C /* Frameworks */,
				39F1F6A71D3B90E200FF1C8C /* Resources */,
				6CBAC89EC5BE7BD1A9459502 /* [CP] Embed Pods Frameworks */,
				C33FFFD4AC05CBFAA47D24A3 /* [CP] Copy Pods Resources */,
				046193211F8E01C00029D432 /* ShellScript */,
				392A00DF1F8F1A6D0066B440 /* ShellScript */,
				392A00E51F8F1CF30066B440 /* Embed Frameworks */,
			);
			buildRules = (
			);
			dependencies = (
				392A00E41F8F1CF30066B440 /* PBXTargetDependency */,
			);
			name = Example;
			productName = Example;
			productReference = 39F1F6A91D3B90E200FF1C8C /* Example.app */;
			productType = "com.apple.product-type.application";
		};
		39F1F70E1D3B91E200FF1C8C /* Qiscus */ = {
			isa = PBXNativeTarget;
			buildConfigurationList = 39F1F7261D3B91E200FF1C8C /* Build configuration list for PBXNativeTarget "Qiscus" */;
			buildPhases = (
				162F137066E8CFD31C094F3B /* [CP] Check Pods Manifest.lock */,
				39F1F70A1D3B91E200FF1C8C /* Sources */,
				39F1F70B1D3B91E200FF1C8C /* Frameworks */,
				39F1F70C1D3B91E200FF1C8C /* Headers */,
				39F1F70D1D3B91E200FF1C8C /* Resources */,
				469A93B61943512933236015 /* [CP] Copy Pods Resources */,
			);
			buildRules = (
			);
			dependencies = (
			);
			name = Qiscus;
			productName = Qiscus;
			productReference = 39F1F70F1D3B91E200FF1C8C /* Qiscus.framework */;
			productType = "com.apple.product-type.framework";
		};
/* End PBXNativeTarget section */

/* Begin PBXProject section */
		39F1F6A11D3B90E200FF1C8C /* Project object */ = {
			isa = PBXProject;
			attributes = {
				LastSwiftUpdateCheck = 0730;
				LastUpgradeCheck = 0800;
				ORGANIZATIONNAME = "Ahmad Athaullah";
				TargetAttributes = {
					39F1F6A81D3B90E200FF1C8C = {
						CreatedOnToolsVersion = 7.3.1;
						DevelopmentTeam = QG8KA4P8TE;
						LastSwiftMigration = 0800;
						ProvisioningStyle = Manual;
						SystemCapabilities = {
							com.apple.BackgroundModes = {
								enabled = 1;
							};
							com.apple.Push = {
								enabled = 1;
							};
							com.apple.iCloud = {
								enabled = 1;
							};
						};
					};
					39F1F70E1D3B91E200FF1C8C = {
						CreatedOnToolsVersion = 7.3.1;
						DevelopmentTeam = QG8KA4P8TE;
						LastSwiftMigration = 0800;
						ProvisioningStyle = Automatic;
					};
				};
			};
			buildConfigurationList = 39F1F6A41D3B90E200FF1C8C /* Build configuration list for PBXProject "Example" */;
			compatibilityVersion = "Xcode 3.2";
			developmentRegion = English;
			hasScannedForEncodings = 0;
			knownRegions = (
				en,
				Base,
			);
			mainGroup = 39F1F6A01D3B90E200FF1C8C;
			productRefGroup = 39F1F6AA1D3B90E200FF1C8C /* Products */;
			projectDirPath = "";
			projectRoot = "";
			targets = (
				39F1F6A81D3B90E200FF1C8C /* Example */,
				39F1F70E1D3B91E200FF1C8C /* Qiscus */,
			);
		};
/* End PBXProject section */

/* Begin PBXResourcesBuildPhase section */
		39F1F6A71D3B90E200FF1C8C /* Resources */ = {
			isa = PBXResourcesBuildPhase;
			buildActionMask = 2147483647;
			files = (
				39F1F6BA1D3B90E200FF1C8C /* LaunchScreen.storyboard in Resources */,
				39E754301F5E7327003C3302 /* SearchResultVC.xib in Resources */,
				395291261E28559B004BD6B4 /* goToChatVC.xib in Resources */,
				39E754381F62226E003C3302 /* RoomListVC.xib in Resources */,
				39F1F6B71D3B90E200FF1C8C /* Assets.xcassets in Resources */,
				39F1F6B21D3B90E200FF1C8C /* Main.storyboard in Resources */,
				39E754341F5E84B0003C3302 /* SearchCell.xib in Resources */,
				39BD59171EB2F1A3001AFB7C /* Qiscus.podspec in Resources */,
				39E7543C1F6222AB003C3302 /* RoomListCell.xib in Resources */,
				3939EEA41F78E0470073B880 /* ProgressVC.xib in Resources */,
				395291281E28559B004BD6B4 /* MainView.xib in Resources */,
				396CBDBF1F6B80390028C3FE /* RoomListVC2.xib in Resources */,
			);
			runOnlyForDeploymentPostprocessing = 0;
		};
		39F1F70D1D3B91E200FF1C8C /* Resources */ = {
			isa = PBXResourcesBuildPhase;
			buildActionMask = 2147483647;
			files = (
				39F70FE61F3D619900774D97 /* QCellCardLeft.xib in Resources */,
				39F70FF21F3D619900774D97 /* QCellMediaRight.xib in Resources */,
				39E7544F1F67B5AD003C3302 /* QiscusUploaderVC.xib in Resources */,
				39F70FB21F3D5F5800774D97 /* QiscusChatVC.xib in Resources */,
				39F70FFF1F3D619900774D97 /* QChatFooterRight.xib in Resources */,
				393BE6EA1F7206280099AD80 /* QSearchListDefaultCell.xib in Resources */,
				39F710011F3D619900774D97 /* QChatHeaderCell.xib in Resources */,
				393BE6E31F70B1F90099AD80 /* QRoomListDefaultCell.xib in Resources */,
				39F70FEE1F3D619900774D97 /* QCellFileRight.xib in Resources */,
				39F70FFA1F3D619900774D97 /* QCellTextRight.xib in Resources */,
				39F70FE81F3D619900774D97 /* QCellCardRight.xib in Resources */,
				39F70FF61F3D619900774D97 /* QCellSystem.xib in Resources */,
				39F70FF81F3D619900774D97 /* QCellTextLeft.xib in Resources */,
				39F70FF01F3D619900774D97 /* QCellMediaLeft.xib in Resources */,
				39F70F831F3D5B4400774D97 /* QLoadingViewController.xib in Resources */,
				392F18981F4D175800ABE232 /* QCellContactLeft.xib in Resources */,
				394D7AA01F4E735300E69E1C /* QCellLocationRight.xib in Resources */,
				39F70FEA1F3D619900774D97 /* QCellContactRight.xib in Resources */,
				39F70FFD1F3D619900774D97 /* QChatFooterLeft.xib in Resources */,
				39F70F851F3D5B4400774D97 /* QPopUpView.xib in Resources */,
				39955B6D1D656D1700927ADD /* Media.xcassets in Resources */,
				394D7AA41F4E979E00E69E1C /* QCellLocationLeft.xib in Resources */,
				39F70FEC1F3D619900774D97 /* QCellFileLeft.xib in Resources */,
				39F70FE41F3D619900774D97 /* QCellAudioRight.xib in Resources */,
				39F70FF41F3D619900774D97 /* QCellPostbackLeft.xib in Resources */,
				39F70FE21F3D619900774D97 /* QCellAudioLeft.xib in Resources */,
			);
			runOnlyForDeploymentPostprocessing = 0;
		};
/* End PBXResourcesBuildPhase section */

/* Begin PBXShellScriptBuildPhase section */
		046193211F8E01C00029D432 /* ShellScript */ = {
			isa = PBXShellScriptBuildPhase;
			buildActionMask = 2147483647;
			files = (
			);
			inputPaths = (
			);
			outputPaths = (
			);
			runOnlyForDeploymentPostprocessing = 0;
			shellPath = /bin/sh;
			shellScript = "DSYM_INFO_PLIST=\"${DWARF_DSYM_FOLDER_PATH}/${DWARF_DSYM_FILE_NAME}/Contents/Info.plist\"\nbuildNumber=$NEVERCODE_BUILD_NUMBER\nstringLength=${#buildNumber}\n    \n    if [ $stringLength -ne 0 ]; then\n    echo \"Updating build number to $buildNumber\"\n    /usr/libexec/PlistBuddy -c \"Set :CFBundleVersion $buildNumber\" \"${TARGET_BUILD_DIR}/${INFOPLIST_PATH}\"\n    if [ -f \"$DSYM_INFO_PLIST\" ]; then\n    /usr/libexec/PlistBuddy -c \"Set :CFBundleVersion $BUILD_NUMBER\" \"$DSYM_INFO_PLIST\"\n    fi\n    else\n    echo \"Missing build number, skip updating\"\n    fi";
		};
		162F137066E8CFD31C094F3B /* [CP] Check Pods Manifest.lock */ = {
			isa = PBXShellScriptBuildPhase;
			buildActionMask = 2147483647;
			files = (
			);
			inputPaths = (
				"${PODS_PODFILE_DIR_PATH}/Podfile.lock",
				"${PODS_ROOT}/Manifest.lock",
			);
			name = "[CP] Check Pods Manifest.lock";
			outputPaths = (
				"$(DERIVED_FILE_DIR)/Pods-Qiscus-checkManifestLockResult.txt",
			);
			runOnlyForDeploymentPostprocessing = 0;
			shellPath = /bin/sh;
			shellScript = "diff \"${PODS_ROOT}/../Podfile.lock\" \"${PODS_ROOT}/Manifest.lock\" > /dev/null\nif [ $? != 0 ] ; then\n    # print error to STDERR\n    echo \"error: The sandbox is not in sync with the Podfile.lock. Run 'pod install' or update your CocoaPods installation.\" >&2\n    exit 1\nfi\n";
			showEnvVarsInLog = 0;
		};
		392A00DF1F8F1A6D0066B440 /* ShellScript */ = {
			isa = PBXShellScriptBuildPhase;
			buildActionMask = 2147483647;
			files = (
			);
			inputPaths = (
			);
			outputPaths = (
			);
			runOnlyForDeploymentPostprocessing = 0;
			shellPath = /bin/sh;
			shellScript = "";
		};
		469A93B61943512933236015 /* [CP] Copy Pods Resources */ = {
			isa = PBXShellScriptBuildPhase;
			buildActionMask = 2147483647;
			files = (
			);
			inputPaths = (
			);
			name = "[CP] Copy Pods Resources";
			outputPaths = (
			);
			runOnlyForDeploymentPostprocessing = 0;
			shellPath = /bin/sh;
			shellScript = "\"${SRCROOT}/Pods/Target Support Files/Pods-Qiscus/Pods-Qiscus-resources.sh\"\n";
			showEnvVarsInLog = 0;
		};
		66B708A3602CA3F385EAFCDD /* [CP] Check Pods Manifest.lock */ = {
			isa = PBXShellScriptBuildPhase;
			buildActionMask = 2147483647;
			files = (
			);
			inputPaths = (
				"${PODS_PODFILE_DIR_PATH}/Podfile.lock",
				"${PODS_ROOT}/Manifest.lock",
			);
			name = "[CP] Check Pods Manifest.lock";
			outputPaths = (
				"$(DERIVED_FILE_DIR)/Pods-Example-checkManifestLockResult.txt",
			);
			runOnlyForDeploymentPostprocessing = 0;
			shellPath = /bin/sh;
			shellScript = "diff \"${PODS_ROOT}/../Podfile.lock\" \"${PODS_ROOT}/Manifest.lock\" > /dev/null\nif [ $? != 0 ] ; then\n    # print error to STDERR\n    echo \"error: The sandbox is not in sync with the Podfile.lock. Run 'pod install' or update your CocoaPods installation.\" >&2\n    exit 1\nfi\n";
			showEnvVarsInLog = 0;
		};
		6CBAC89EC5BE7BD1A9459502 /* [CP] Embed Pods Frameworks */ = {
			isa = PBXShellScriptBuildPhase;
			buildActionMask = 2147483647;
			files = (
			);
			inputPaths = (
				"${SRCROOT}/Pods/Target Support Files/Pods-Example/Pods-Example-frameworks.sh",
				"${BUILT_PRODUCTS_DIR}/Alamofire/Alamofire.framework",
				"${BUILT_PRODUCTS_DIR}/AlamofireImage/AlamofireImage.framework",
				"${BUILT_PRODUCTS_DIR}/CocoaAsyncSocket/CocoaAsyncSocket.framework",
				"${BUILT_PRODUCTS_DIR}/CocoaMQTT/CocoaMQTT.framework",
				"${BUILT_PRODUCTS_DIR}/ImageViewer/ImageViewer.framework",
				"${BUILT_PRODUCTS_DIR}/Realm/Realm.framework",
				"${BUILT_PRODUCTS_DIR}/RealmSwift/RealmSwift.framework",
				"${BUILT_PRODUCTS_DIR}/SwiftyJSON/SwiftyJSON.framework",
				"${BUILT_PRODUCTS_DIR}/SwiftyTimer/SwiftyTimer.framework",
			);
			name = "[CP] Embed Pods Frameworks";
			outputPaths = (
				"${TARGET_BUILD_DIR}/${FRAMEWORKS_FOLDER_PATH}/Alamofire.framework",
				"${TARGET_BUILD_DIR}/${FRAMEWORKS_FOLDER_PATH}/AlamofireImage.framework",
				"${TARGET_BUILD_DIR}/${FRAMEWORKS_FOLDER_PATH}/CocoaAsyncSocket.framework",
				"${TARGET_BUILD_DIR}/${FRAMEWORKS_FOLDER_PATH}/CocoaMQTT.framework",
				"${TARGET_BUILD_DIR}/${FRAMEWORKS_FOLDER_PATH}/ImageViewer.framework",
				"${TARGET_BUILD_DIR}/${FRAMEWORKS_FOLDER_PATH}/Realm.framework",
				"${TARGET_BUILD_DIR}/${FRAMEWORKS_FOLDER_PATH}/RealmSwift.framework",
				"${TARGET_BUILD_DIR}/${FRAMEWORKS_FOLDER_PATH}/SwiftyJSON.framework",
				"${TARGET_BUILD_DIR}/${FRAMEWORKS_FOLDER_PATH}/SwiftyTimer.framework",
			);
			runOnlyForDeploymentPostprocessing = 0;
			shellPath = /bin/sh;
			shellScript = "\"${SRCROOT}/Pods/Target Support Files/Pods-Example/Pods-Example-frameworks.sh\"\n";
			showEnvVarsInLog = 0;
		};
		C33FFFD4AC05CBFAA47D24A3 /* [CP] Copy Pods Resources */ = {
			isa = PBXShellScriptBuildPhase;
			buildActionMask = 2147483647;
			files = (
			);
			inputPaths = (
			);
			name = "[CP] Copy Pods Resources";
			outputPaths = (
			);
			runOnlyForDeploymentPostprocessing = 0;
			shellPath = /bin/sh;
			shellScript = "\"${SRCROOT}/Pods/Target Support Files/Pods-Example/Pods-Example-resources.sh\"\n";
			showEnvVarsInLog = 0;
		};
/* End PBXShellScriptBuildPhase section */

/* Begin PBXSourcesBuildPhase section */
		39F1F6A51D3B90E200FF1C8C /* Sources */ = {
			isa = PBXSourcesBuildPhase;
			buildActionMask = 2147483647;
			files = (
				396CBDBE1F6B80390028C3FE /* RoomListVC2.swift in Sources */,
				395291251E28559B004BD6B4 /* goToChatVC.swift in Sources */,
				39E7543B1F6222AB003C3302 /* RoomListCell.swift in Sources */,
				39E754331F5E84B0003C3302 /* SearchCell.swift in Sources */,
				3939EEA31F78E0470073B880 /* ProgressVC.swift in Sources */,
				39E7542F1F5E7327003C3302 /* SearchResultVC.swift in Sources */,
				39E754371F62226E003C3302 /* RoomListVC.swift in Sources */,
				395291271E28559B004BD6B4 /* MainView.swift in Sources */,
				39F1F6AD1D3B90E200FF1C8C /* AppDelegate.swift in Sources */,
			);
			runOnlyForDeploymentPostprocessing = 0;
		};
		39F1F70A1D3B91E200FF1C8C /* Sources */ = {
			isa = PBXSourcesBuildPhase;
			buildActionMask = 2147483647;
			files = (
				393BE6E01F70B1F90099AD80 /* QRoomList.swift in Sources */,
				39F7100E1F3D62FE00774D97 /* QiscusFileHelper.swift in Sources */,
				39F70FAB1F3D5E8300774D97 /* QFileManager.swift in Sources */,
				39F70FF51F3D619900774D97 /* QCellSystem.swift in Sources */,
				39F70FAC1F3D5E8300774D97 /* QiscusCommentClient.swift in Sources */,
				393BE6E51F7119F80099AD80 /* QSearchListCell.swift in Sources */,
				39F70F9A1F3D5CD200774D97 /* QiscusHelper.swift in Sources */,
				39F70FFE1F3D619900774D97 /* QChatFooterRight.swift in Sources */,
				39F70FA01F3D5D6F00774D97 /* QiscusAssetsConfiguration.swift in Sources */,
				39F70FE01F3D619900774D97 /* QCellAudio.swift in Sources */,
				39F70FAA1F3D5E8300774D97 /* QChatService.swift in Sources */,
				39F710061F3D62D600774D97 /* QCommentDelegate.swift in Sources */,
				39F70F911F3D5BBD00774D97 /* Background.swift in Sources */,
				39F7101C1F3D63B500774D97 /* QCardButton.swift in Sources */,
				39F70FE71F3D619900774D97 /* QCellCardRight.swift in Sources */,
				393BE6E11F70B1F90099AD80 /* QRoomListCell.swift in Sources */,
				393BE6E21F70B1F90099AD80 /* QRoomListDefaultCell.swift in Sources */,
				39F70FF11F3D619900774D97 /* QCellMediaRight.swift in Sources */,
				39F70FBC1F3D5FE000774D97 /* QVCCollectionView.swift in Sources */,
				39F70F891F3D5B4400774D97 /* QToasterSwift.swift in Sources */,
				39F7100F1F3D62FE00774D97 /* QiscusGalleryItem.swift in Sources */,
				39F70FEB1F3D619900774D97 /* QCellFileLeft.swift in Sources */,
				39F70FE91F3D619900774D97 /* QCellContactRight.swift in Sources */,
				394D7A9F1F4E735300E69E1C /* QCellLocationRight.swift in Sources */,
				39F70F961F3D5BBD00774D97 /* ViewController.swift in Sources */,
				39F70F6F1F3D56F400774D97 /* QCommentGroup.swift in Sources */,
				39F710111F3D62FE00774D97 /* QiscusMe.swift in Sources */,
				39F70FA41F3D5D6F00774D97 /* QiscusUIConfiguration.swift in Sources */,
				39F70F711F3D56F400774D97 /* QFile.swift in Sources */,
				39F70F871F3D5B4400774D97 /* QSiriWaveView.swift in Sources */,
				393BE6E91F7206280099AD80 /* QSearchListDefaultCell.swift in Sources */,
				39C929C71FB5583F0068EBF3 /* QiscusService.swift in Sources */,
				39E7544E1F67B5AD003C3302 /* QiscusUploaderVC.swift in Sources */,
				39F70F821F3D5B4400774D97 /* QLoadingViewController.swift in Sources */,
				39F710071F3D62D600774D97 /* QiscusChatCellDelegate.swift in Sources */,
				39F70FAD1F3D5E8300774D97 /* QRoomService.swift in Sources */,
				39F70F921F3D5BBD00774D97 /* NavigationBar.swift in Sources */,
				39F70FA31F3D5D6F00774D97 /* QiscusTextConfiguration.swift in Sources */,
				394D7AA31F4E979E00E69E1C /* QCellLocationLeft.swift in Sources */,
				39F70FF91F3D619900774D97 /* QCellTextRight.swift in Sources */,
				39F70FE31F3D619900774D97 /* QCellAudioRight.swift in Sources */,
				39F70FF31F3D619900774D97 /* QCellPostbackLeft.swift in Sources */,
				39F70FA21F3D5D6F00774D97 /* QiscusConfig.swift in Sources */,
				39F710091F3D62D600774D97 /* QiscusRoomDelegate.swift in Sources */,
				39F70FBB1F3D5FE000774D97 /* QVCChatInputText.swift in Sources */,
				39F70F991F3D5CD200774D97 /* QChatCellHelper.swift in Sources */,
				39F70FF71F3D619900774D97 /* QCellTextLeft.swift in Sources */,
				39F70FAE1F3D5E8300774D97 /* QSyncNotifData.swift in Sources */,
				39F70F941F3D5BBD00774D97 /* UIImage.swift in Sources */,
				39F710131F3D638F00774D97 /* ChatPreviewDocVC.swift in Sources */,
				39F710001F3D619900774D97 /* QChatHeaderCell.swift in Sources */,
				39F70F931F3D5BBD00774D97 /* QDate.swift in Sources */,
				39F70FFB1F3D619900774D97 /* QChatCell.swift in Sources */,
				39F70F8A1F3D5B4400774D97 /* QToasterView.swift in Sources */,
				39F70F801F3D5B4400774D97 /* QiscusAsyncImageView.swift in Sources */,
				39F710191F3D63B500774D97 /* ChatFileButton.swift in Sources */,
				39F70F951F3D5BBD00774D97 /* UIView.swift in Sources */,
				39F70FBA1F3D5FE000774D97 /* QVCChatCell.swift in Sources */,
				39F70FE11F3D619900774D97 /* QCellAudioLeft.swift in Sources */,
				39F70F741F3D56F400774D97 /* QUser.swift in Sources */,
				39F70F731F3D56F400774D97 /* QRoom.swift in Sources */,
				39F70F811F3D5B4400774D97 /* QiscusLoading.swift in Sources */,
				39F710081F3D62D600774D97 /* QiscusConfigDelegate.swift in Sources */,
				39F70F881F3D5B4400774D97 /* QToasterConfig.swift in Sources */,
				39F1F7491D3B932A00FF1C8C /* Qiscus.swift in Sources */,
				39F70F861F3D5B4400774D97 /* QReachability.swift in Sources */,
				39F70FE51F3D619900774D97 /* QCellCardLeft.swift in Sources */,
				39F7101A1F3D63B500774D97 /* ChatInputText.swift in Sources */,
				39F70FFC1F3D619900774D97 /* QChatFooterLeft.swift in Sources */,
				39F7101B1F3D63B500774D97 /* ChatTapRecognizer.swift in Sources */,
				39E754431F678B2B003C3302 /* QiscusNotification.swift in Sources */,
				39F70FBD1F3D5FE000774D97 /* QVCPickerAndMedia.swift in Sources */,
				39F7101D1F3D63B500774D97 /* QTextView.swift in Sources */,
				392F18971F4D175800ABE232 /* QCellContactLeft.swift in Sources */,
				39F70F721F3D56F400774D97 /* QParticipant.swift in Sources */,
				39F70F701F3D56F400774D97 /* QCommentInfo.swift in Sources */,
				39F70FA11F3D5D6F00774D97 /* QiscusColorConfiguration.swift in Sources */,
				39F70F681F3D56E100774D97 /* QComment.swift in Sources */,
				39F70FEF1F3D619900774D97 /* QCellMediaLeft.swift in Sources */,
				39F70FB11F3D5F5800774D97 /* QiscusChatVC.swift in Sources */,
				39F70FB91F3D5FE000774D97 /* QVCAction.swift in Sources */,
				39F70FED1F3D619900774D97 /* QCellFileRight.swift in Sources */,
				39F70F841F3D5B4400774D97 /* QPopUpView.swift in Sources */,
				39F710101F3D62FE00774D97 /* QiscusLinkData.swift in Sources */,
			);
			runOnlyForDeploymentPostprocessing = 0;
		};
/* End PBXSourcesBuildPhase section */

/* Begin PBXTargetDependency section */
		392A00E41F8F1CF30066B440 /* PBXTargetDependency */ = {
			isa = PBXTargetDependency;
			target = 39F1F70E1D3B91E200FF1C8C /* Qiscus */;
			targetProxy = 392A00E31F8F1CF30066B440 /* PBXContainerItemProxy */;
		};
/* End PBXTargetDependency section */

/* Begin PBXVariantGroup section */
		39F1F6B01D3B90E200FF1C8C /* Main.storyboard */ = {
			isa = PBXVariantGroup;
			children = (
				39F1F6B11D3B90E200FF1C8C /* Base */,
			);
			name = Main.storyboard;
			sourceTree = "<group>";
		};
		39F1F6B81D3B90E200FF1C8C /* LaunchScreen.storyboard */ = {
			isa = PBXVariantGroup;
			children = (
				39F1F6B91D3B90E200FF1C8C /* Base */,
			);
			name = LaunchScreen.storyboard;
			sourceTree = "<group>";
		};
/* End PBXVariantGroup section */

/* Begin XCBuildConfiguration section */
		39F1F6D21D3B90E200FF1C8C /* Debug */ = {
			isa = XCBuildConfiguration;
			buildSettings = {
				ALWAYS_SEARCH_USER_PATHS = NO;
				CLANG_ANALYZER_NONNULL = YES;
				CLANG_CXX_LANGUAGE_STANDARD = "gnu++0x";
				CLANG_CXX_LIBRARY = "libc++";
				CLANG_ENABLE_MODULES = YES;
				CLANG_ENABLE_OBJC_ARC = YES;
				CLANG_WARN_BOOL_CONVERSION = YES;
				CLANG_WARN_CONSTANT_CONVERSION = YES;
				CLANG_WARN_DIRECT_OBJC_ISA_USAGE = YES_ERROR;
				CLANG_WARN_EMPTY_BODY = YES;
				CLANG_WARN_ENUM_CONVERSION = YES;
				CLANG_WARN_INFINITE_RECURSION = YES;
				CLANG_WARN_INT_CONVERSION = YES;
				CLANG_WARN_OBJC_ROOT_CLASS = YES_ERROR;
				CLANG_WARN_SUSPICIOUS_MOVE = YES;
				CLANG_WARN_UNREACHABLE_CODE = YES;
				CLANG_WARN__DUPLICATE_METHOD_MATCH = YES;
				"CODE_SIGN_IDENTITY[sdk=iphoneos*]" = "iPhone Developer";
				COPY_PHASE_STRIP = NO;
				DEBUG_INFORMATION_FORMAT = dwarf;
				ENABLE_STRICT_OBJC_MSGSEND = YES;
				ENABLE_TESTABILITY = YES;
				GCC_C_LANGUAGE_STANDARD = gnu99;
				GCC_DYNAMIC_NO_PIC = NO;
				GCC_NO_COMMON_BLOCKS = YES;
				GCC_OPTIMIZATION_LEVEL = 0;
				GCC_PREPROCESSOR_DEFINITIONS = (
					"DEBUG=1",
					"$(inherited)",
				);
				GCC_WARN_64_TO_32_BIT_CONVERSION = YES;
				GCC_WARN_ABOUT_RETURN_TYPE = YES_ERROR;
				GCC_WARN_UNDECLARED_SELECTOR = YES;
				GCC_WARN_UNINITIALIZED_AUTOS = YES_AGGRESSIVE;
				GCC_WARN_UNUSED_FUNCTION = YES;
				GCC_WARN_UNUSED_VARIABLE = YES;
				IPHONEOS_DEPLOYMENT_TARGET = 9.3;
				MTL_ENABLE_DEBUG_INFO = YES;
				ONLY_ACTIVE_ARCH = YES;
				SDKROOT = iphoneos;
				SWIFT_OPTIMIZATION_LEVEL = "-Onone";
				TARGETED_DEVICE_FAMILY = "1,2";
			};
			name = Debug;
		};
		39F1F6D31D3B90E200FF1C8C /* Release */ = {
			isa = XCBuildConfiguration;
			buildSettings = {
				ALWAYS_SEARCH_USER_PATHS = NO;
				CLANG_ANALYZER_NONNULL = YES;
				CLANG_CXX_LANGUAGE_STANDARD = "gnu++0x";
				CLANG_CXX_LIBRARY = "libc++";
				CLANG_ENABLE_MODULES = YES;
				CLANG_ENABLE_OBJC_ARC = YES;
				CLANG_WARN_BOOL_CONVERSION = YES;
				CLANG_WARN_CONSTANT_CONVERSION = YES;
				CLANG_WARN_DIRECT_OBJC_ISA_USAGE = YES_ERROR;
				CLANG_WARN_EMPTY_BODY = YES;
				CLANG_WARN_ENUM_CONVERSION = YES;
				CLANG_WARN_INFINITE_RECURSION = YES;
				CLANG_WARN_INT_CONVERSION = YES;
				CLANG_WARN_OBJC_ROOT_CLASS = YES_ERROR;
				CLANG_WARN_SUSPICIOUS_MOVE = YES;
				CLANG_WARN_UNREACHABLE_CODE = YES;
				CLANG_WARN__DUPLICATE_METHOD_MATCH = YES;
				"CODE_SIGN_IDENTITY[sdk=iphoneos*]" = "iPhone Developer";
				COPY_PHASE_STRIP = NO;
				DEBUG_INFORMATION_FORMAT = "dwarf-with-dsym";
				ENABLE_NS_ASSERTIONS = NO;
				ENABLE_STRICT_OBJC_MSGSEND = YES;
				GCC_C_LANGUAGE_STANDARD = gnu99;
				GCC_NO_COMMON_BLOCKS = YES;
				GCC_WARN_64_TO_32_BIT_CONVERSION = YES;
				GCC_WARN_ABOUT_RETURN_TYPE = YES_ERROR;
				GCC_WARN_UNDECLARED_SELECTOR = YES;
				GCC_WARN_UNINITIALIZED_AUTOS = YES_AGGRESSIVE;
				GCC_WARN_UNUSED_FUNCTION = YES;
				GCC_WARN_UNUSED_VARIABLE = YES;
				IPHONEOS_DEPLOYMENT_TARGET = 9.3;
				MTL_ENABLE_DEBUG_INFO = NO;
				SDKROOT = iphoneos;
				SWIFT_OPTIMIZATION_LEVEL = "-Owholemodule";
				TARGETED_DEVICE_FAMILY = "1,2";
				VALIDATE_PRODUCT = YES;
			};
			name = Release;
		};
		39F1F6D51D3B90E200FF1C8C /* Debug */ = {
			isa = XCBuildConfiguration;
			baseConfigurationReference = 98773C3A23586CB325C3DFE1 /* Pods-Example.debug.xcconfig */;
			buildSettings = {
				ALWAYS_EMBED_SWIFT_STANDARD_LIBRARIES = YES;
				ASSETCATALOG_COMPILER_APPICON_NAME = AppIcon;
				CODE_SIGN_ENTITLEMENTS = Example/Example.entitlements;
				CODE_SIGN_IDENTITY = "iPhone Developer";
				"CODE_SIGN_IDENTITY[sdk=iphoneos*]" = "iPhone Developer";
				CODE_SIGN_STYLE = Manual;
				DEVELOPMENT_TEAM = QG8KA4P8TE;
				INFOPLIST_FILE = Example/Info.plist;
				IPHONEOS_DEPLOYMENT_TARGET = 9.0;
				LD_RUNPATH_SEARCH_PATHS = "$(inherited) @executable_path/Frameworks";
				OTHER_LDFLAGS = (
					"$(inherited)",
					"-ObjC",
					"-framework",
					"\"Alamofire\"",
					"-framework",
					"\"AlamofireImage\"",
					"-framework",
					"\"ImageViewer\"",
					"-framework",
					"\"Realm\"",
					"-framework",
					"\"RealmSwift\"",
					"-framework",
					"\"SwiftyJSON\"",
				);
				OTHER_SWIFT_FLAGS = "-DDEVELOPMENT";
				PRODUCT_BUNDLE_IDENTIFIER = com.qiscus.sdk;
				PRODUCT_NAME = "$(TARGET_NAME)";
				PROVISIONING_PROFILE = "ff74869f-bf66-4c60-9ae9-829eb409881e";
				PROVISIONING_PROFILE_SPECIFIER = "Qiscus SDK";
				SWIFT_VERSION = 3.0;
			};
			name = Debug;
		};
		39F1F6D61D3B90E200FF1C8C /* Release */ = {
			isa = XCBuildConfiguration;
			baseConfigurationReference = 9CE65FBC6F02844B3B9F7A09 /* Pods-Example.release.xcconfig */;
			buildSettings = {
				ALWAYS_EMBED_SWIFT_STANDARD_LIBRARIES = YES;
				ASSETCATALOG_COMPILER_APPICON_NAME = AppIcon;
				CODE_SIGN_ENTITLEMENTS = Example/Example.entitlements;
				CODE_SIGN_IDENTITY = "iPhone Developer";
				"CODE_SIGN_IDENTITY[sdk=iphoneos*]" = "iPhone Developer";
				CODE_SIGN_STYLE = Manual;
				DEVELOPMENT_TEAM = QG8KA4P8TE;
				INFOPLIST_FILE = Example/Info.plist;
				IPHONEOS_DEPLOYMENT_TARGET = 9.0;
				LD_RUNPATH_SEARCH_PATHS = "$(inherited) @executable_path/Frameworks";
				OTHER_LDFLAGS = (
					"$(inherited)",
					"-ObjC",
					"-framework",
					"\"Alamofire\"",
					"-framework",
					"\"AlamofireImage\"",
					"-framework",
					"\"ImageViewer\"",
					"-framework",
					"\"Realm\"",
					"-framework",
					"\"RealmSwift\"",
					"-framework",
					"\"SwiftyJSON\"",
				);
				OTHER_SWIFT_FLAGS = "-DDEVELOPMENT";
				PRODUCT_BUNDLE_IDENTIFIER = com.qiscus.sdk;
				PRODUCT_NAME = "$(TARGET_NAME)";
				PROVISIONING_PROFILE = "ff74869f-bf66-4c60-9ae9-829eb409881e";
				PROVISIONING_PROFILE_SPECIFIER = "Qiscus SDK";
				SWIFT_VERSION = 3.0;
			};
			name = Release;
		};
		39F1F7271D3B91E200FF1C8C /* Debug */ = {
			isa = XCBuildConfiguration;
			baseConfigurationReference = F3F55B687CDC2C8DA3A277C5 /* Pods-Qiscus.debug.xcconfig */;
			buildSettings = {
				ALWAYS_EMBED_SWIFT_STANDARD_LIBRARIES = YES;
				CLANG_ENABLE_MODULES = YES;
				CODE_SIGN_IDENTITY = "iPhone Developer";
				"CODE_SIGN_IDENTITY[sdk=iphoneos*]" = "iPhone Developer";
				CODE_SIGN_STYLE = Automatic;
				CURRENT_PROJECT_VERSION = 1;
				DEFINES_MODULE = YES;
				DEVELOPMENT_TEAM = QG8KA4P8TE;
				DYLIB_COMPATIBILITY_VERSION = 1;
				DYLIB_CURRENT_VERSION = 1;
				DYLIB_INSTALL_NAME_BASE = "@rpath";
				GCC_OPTIMIZATION_LEVEL = 0;
				INFOPLIST_FILE = Qiscus/Info.plist;
				INSTALL_PATH = "$(LOCAL_LIBRARY_DIR)/Frameworks";
				IPHONEOS_DEPLOYMENT_TARGET = 9.0;
				LD_RUNPATH_SEARCH_PATHS = "$(inherited) @executable_path/Frameworks @loader_path/Frameworks";
				OTHER_LDFLAGS = (
					"$(inherited)",
					"-ObjC",
					"-framework",
					"\"Alamofire\"",
					"-framework",
					"\"AlamofireImage\"",
					"-framework",
					"\"ImageViewer\"",
					"-framework",
					"\"Realm\"",
					"-framework",
					"\"RealmSwift\"",
					"-framework",
					"\"SwiftyJSON\"",
				);
				PRODUCT_BUNDLE_IDENTIFIER = com.qiscusdev.sdk;
				PRODUCT_NAME = "$(TARGET_NAME)";
				PROVISIONING_PROFILE_SPECIFIER = "";
				SKIP_INSTALL = YES;
				SWIFT_OPTIMIZATION_LEVEL = "-Onone";
				SWIFT_VERSION = 3.0;
				VERSIONING_SYSTEM = "apple-generic";
				VERSION_INFO_PREFIX = "";
			};
			name = Debug;
		};
		39F1F7281D3B91E200FF1C8C /* Release */ = {
			isa = XCBuildConfiguration;
			baseConfigurationReference = 4D08EB2720080F1BFAA0EF4E /* Pods-Qiscus.release.xcconfig */;
			buildSettings = {
				ALWAYS_EMBED_SWIFT_STANDARD_LIBRARIES = YES;
				CLANG_ENABLE_MODULES = YES;
				CODE_SIGN_IDENTITY = "iPhone Developer";
				"CODE_SIGN_IDENTITY[sdk=iphoneos*]" = "iPhone Developer";
				CODE_SIGN_STYLE = Automatic;
				CURRENT_PROJECT_VERSION = 1;
				DEFINES_MODULE = YES;
				DEVELOPMENT_TEAM = QG8KA4P8TE;
				DYLIB_COMPATIBILITY_VERSION = 1;
				DYLIB_CURRENT_VERSION = 1;
				DYLIB_INSTALL_NAME_BASE = "@rpath";
				GCC_OPTIMIZATION_LEVEL = 0;
				INFOPLIST_FILE = Qiscus/Info.plist;
				INSTALL_PATH = "$(LOCAL_LIBRARY_DIR)/Frameworks";
				IPHONEOS_DEPLOYMENT_TARGET = 9.0;
				LD_RUNPATH_SEARCH_PATHS = "$(inherited) @executable_path/Frameworks @loader_path/Frameworks";
				OTHER_LDFLAGS = (
					"$(inherited)",
					"-ObjC",
					"-framework",
					"\"Alamofire\"",
					"-framework",
					"\"AlamofireImage\"",
					"-framework",
					"\"ImageViewer\"",
					"-framework",
					"\"Realm\"",
					"-framework",
					"\"RealmSwift\"",
					"-framework",
					"\"SwiftyJSON\"",
				);
				PRODUCT_BUNDLE_IDENTIFIER = com.qiscusdev.sdk;
				PRODUCT_NAME = "$(TARGET_NAME)";
				PROVISIONING_PROFILE_SPECIFIER = "";
				SKIP_INSTALL = YES;
				SWIFT_OPTIMIZATION_LEVEL = "-Onone";
				SWIFT_VERSION = 3.0;
				VERSIONING_SYSTEM = "apple-generic";
				VERSION_INFO_PREFIX = "";
			};
			name = Release;
		};
/* End XCBuildConfiguration section */

/* Begin XCConfigurationList section */
		39F1F6A41D3B90E200FF1C8C /* Build configuration list for PBXProject "Example" */ = {
			isa = XCConfigurationList;
			buildConfigurations = (
				39F1F6D21D3B90E200FF1C8C /* Debug */,
				39F1F6D31D3B90E200FF1C8C /* Release */,
			);
			defaultConfigurationIsVisible = 0;
			defaultConfigurationName = Release;
		};
		39F1F6D41D3B90E200FF1C8C /* Build configuration list for PBXNativeTarget "Example" */ = {
			isa = XCConfigurationList;
			buildConfigurations = (
				39F1F6D51D3B90E200FF1C8C /* Debug */,
				39F1F6D61D3B90E200FF1C8C /* Release */,
			);
			defaultConfigurationIsVisible = 0;
			defaultConfigurationName = Release;
		};
		39F1F7261D3B91E200FF1C8C /* Build configuration list for PBXNativeTarget "Qiscus" */ = {
			isa = XCConfigurationList;
			buildConfigurations = (
				39F1F7271D3B91E200FF1C8C /* Debug */,
				39F1F7281D3B91E200FF1C8C /* Release */,
			);
			defaultConfigurationIsVisible = 0;
			defaultConfigurationName = Release;
		};
/* End XCConfigurationList section */
	};
	rootObject = 39F1F6A11D3B90E200FF1C8C /* Project object */;
}
